// !$*UTF8*$!
{
	archiveVersion = 1;
	classes = {
	};
	objectVersion = 51;
	objects = {

/* Begin PBXBuildFile section */
		2D3A281623B1DDDD008FBD6C /* NumberParsingExtension.swift in Sources */ = {isa = PBXBuildFile; fileRef = 2D3A281523B1DDDD008FBD6C /* NumberParsingExtension.swift */; };
		2D3A281E23B1E15E008FBD6C /* FunctionTests.swift in Sources */ = {isa = PBXBuildFile; fileRef = 2D3A281D23B1E15E008FBD6C /* FunctionTests.swift */; };
		2D3C9E4A23AF58B700339F9D /* AppDelegate.swift in Sources */ = {isa = PBXBuildFile; fileRef = 2D3C9E4923AF58B700339F9D /* AppDelegate.swift */; };
		2D3C9E4E23AF58B700339F9D /* MainVC.swift in Sources */ = {isa = PBXBuildFile; fileRef = 2D3C9E4D23AF58B700339F9D /* MainVC.swift */; };
		2D3C9E5123AF58B700339F9D /* MyFundingStatus.storyboard in Resources */ = {isa = PBXBuildFile; fileRef = 2D3C9E4F23AF58B700339F9D /* MyFundingStatus.storyboard */; };
		2D3C9E5323AF58B800339F9D /* Assets.xcassets in Resources */ = {isa = PBXBuildFile; fileRef = 2D3C9E5223AF58B800339F9D /* Assets.xcassets */; };
		2D3C9E5623AF58B800339F9D /* LaunchScreen.storyboard in Resources */ = {isa = PBXBuildFile; fileRef = 2D3C9E5423AF58B800339F9D /* LaunchScreen.storyboard */; };
		2D3C9E6A23AF5E0700339F9D /* AppModel.swift in Sources */ = {isa = PBXBuildFile; fileRef = 2D3C9E6923AF5E0700339F9D /* AppModel.swift */; };
		2D3C9E6D23AF5F3400339F9D /* NotiUtil.swift in Sources */ = {isa = PBXBuildFile; fileRef = 2D3C9E6C23AF5F3400339F9D /* NotiUtil.swift */; };
		2D3C9E7023AF640200339F9D /* JSONDecoder.swift in Sources */ = {isa = PBXBuildFile; fileRef = 2D3C9E6F23AF640200339F9D /* JSONDecoder.swift */; };
		2D3C9E7223AF655800339F9D /* DateFormatter.swift in Sources */ = {isa = PBXBuildFile; fileRef = 2D3C9E7123AF655800339F9D /* DateFormatter.swift */; };
		2D3C9E7423AF663300339F9D /* NetworkService.swift in Sources */ = {isa = PBXBuildFile; fileRef = 2D3C9E7323AF663300339F9D /* NetworkService.swift */; };
		2D3C9E7623AF663900339F9D /* AppService.swift in Sources */ = {isa = PBXBuildFile; fileRef = 2D3C9E7523AF663900339F9D /* AppService.swift */; };
		2D3C9E7923AF670100339F9D /* Localizable.strings in Resources */ = {isa = PBXBuildFile; fileRef = 2D3C9E7823AF670100339F9D /* Localizable.strings */; };
		2D3C9E7B23AF67A600339F9D /* Str.swift in Sources */ = {isa = PBXBuildFile; fileRef = 2D3C9E7A23AF67A600339F9D /* Str.swift */; };
		2D3C9E7D23AF67B500339F9D /* String.swift in Sources */ = {isa = PBXBuildFile; fileRef = 2D3C9E7C23AF67B500339F9D /* String.swift */; };
		2D3C9E7F23AF680600339F9D /* UIViewController.swift in Sources */ = {isa = PBXBuildFile; fileRef = 2D3C9E7E23AF680600339F9D /* UIViewController.swift */; };
		2D7C801E23B3CE5000C64668 /* User.swift in Sources */ = {isa = PBXBuildFile; fileRef = 2D7C801D23B3CE5000C64668 /* User.swift */; };
		2D7C802123B3CFB800C64668 /* InvestmentDialView.swift in Sources */ = {isa = PBXBuildFile; fileRef = 2D7C802023B3CFB800C64668 /* InvestmentDialView.swift */; };
		2DA1B36123B6169A00A26447 /* Color.swift in Sources */ = {isa = PBXBuildFile; fileRef = 2DA1B36023B6169A00A26447 /* Color.swift */; };
		2DA1B36323B616A000A26447 /* Font.swift in Sources */ = {isa = PBXBuildFile; fileRef = 2DA1B36223B616A000A26447 /* Font.swift */; };
		3335C07B23B4FFDD0065FE62 /* NSObject + reusableIdentifier.swift in Sources */ = {isa = PBXBuildFile; fileRef = 3335C07A23B4FFDD0065FE62 /* NSObject + reusableIdentifier.swift */; };
		3335C07D23B53AA20065FE62 /* PageCell.swift in Sources */ = {isa = PBXBuildFile; fileRef = 3335C07C23B53AA20065FE62 /* PageCell.swift */; };
		3335C07F23B5A9770065FE62 /* MyFundingStatusVC3.swift in Sources */ = {isa = PBXBuildFile; fileRef = 3335C07E23B5A9770065FE62 /* MyFundingStatusVC3.swift */; };
		33D21C9723B5FC0E00158454 /* UIFont+Additions.swift in Sources */ = {isa = PBXBuildFile; fileRef = 33D21C9623B5FC0E00158454 /* UIFont+Additions.swift */; };
		33D3C4C823B3EFEE00E8AA3F /* MyFundingStatusVC.swift in Sources */ = {isa = PBXBuildFile; fileRef = 33D3C4C723B3EFEE00E8AA3F /* MyFundingStatusVC.swift */; };
		33D3C4CA23B3F68600E8AA3F /* MyFundingStatusVC2.swift in Sources */ = {isa = PBXBuildFile; fileRef = 33D3C4C923B3F68600E8AA3F /* MyFundingStatusVC2.swift */; };
		33D3C4CC23B4179B00E8AA3F /* MyFundingStatusTableViewCell.swift in Sources */ = {isa = PBXBuildFile; fileRef = 33D3C4CB23B4179B00E8AA3F /* MyFundingStatusTableViewCell.swift */; };
		33D3C4F023B4E3F100E8AA3F /* CustomMenuBar.swift in Sources */ = {isa = PBXBuildFile; fileRef = 33D3C4EF23B4E3F100E8AA3F /* CustomMenuBar.swift */; };
		33D3C4F223B4E47200E8AA3F /* CustomMenuBarCell.swift in Sources */ = {isa = PBXBuildFile; fileRef = 33D3C4F123B4E47200E8AA3F /* CustomMenuBarCell.swift */; };
		33D3C4F423B4F27400E8AA3F /* Main.storyboard in Resources */ = {isa = PBXBuildFile; fileRef = 33D3C4F323B4F27400E8AA3F /* Main.storyboard */; };
		34722BFC0C63ED6C46530684 /* Pods_Fundito.framework in Frameworks */ = {isa = PBXBuildFile; fileRef = AF6B01B082E99B67F1F8EF7C /* Pods_Fundito.framework */; };
/* End PBXBuildFile section */

/* Begin PBXContainerItemProxy section */
		2D3A282023B1E15E008FBD6C /* PBXContainerItemProxy */ = {
			isa = PBXContainerItemProxy;
			containerPortal = 2D3C9E3E23AF58B700339F9D /* Project object */;
			proxyType = 1;
			remoteGlobalIDString = 2D3C9E4523AF58B700339F9D;
			remoteInfo = Fundito;
		};
/* End PBXContainerItemProxy section */

/* Begin PBXFileReference section */
		2D3A281523B1DDDD008FBD6C /* NumberParsingExtension.swift */ = {isa = PBXFileReference; lastKnownFileType = sourcecode.swift; path = NumberParsingExtension.swift; sourceTree = "<group>"; };
		2D3A281B23B1E15E008FBD6C /* FunditoTests.xctest */ = {isa = PBXFileReference; explicitFileType = wrapper.cfbundle; includeInIndex = 0; path = FunditoTests.xctest; sourceTree = BUILT_PRODUCTS_DIR; };
		2D3A281D23B1E15E008FBD6C /* FunctionTests.swift */ = {isa = PBXFileReference; lastKnownFileType = sourcecode.swift; path = FunctionTests.swift; sourceTree = "<group>"; };
		2D3A281F23B1E15E008FBD6C /* Info.plist */ = {isa = PBXFileReference; lastKnownFileType = text.plist.xml; path = Info.plist; sourceTree = "<group>"; };
		2D3C9E4623AF58B700339F9D /* Fundito.app */ = {isa = PBXFileReference; explicitFileType = wrapper.application; includeInIndex = 0; path = Fundito.app; sourceTree = BUILT_PRODUCTS_DIR; };
		2D3C9E4923AF58B700339F9D /* AppDelegate.swift */ = {isa = PBXFileReference; lastKnownFileType = sourcecode.swift; path = AppDelegate.swift; sourceTree = "<group>"; };
		2D3C9E4D23AF58B700339F9D /* MainVC.swift */ = {isa = PBXFileReference; lastKnownFileType = sourcecode.swift; path = MainVC.swift; sourceTree = "<group>"; };
		2D3C9E5023AF58B700339F9D /* Base */ = {isa = PBXFileReference; lastKnownFileType = file.storyboard; name = Base; path = Base.lproj/MyFundingStatus.storyboard; sourceTree = "<group>"; };
		2D3C9E5223AF58B800339F9D /* Assets.xcassets */ = {isa = PBXFileReference; lastKnownFileType = folder.assetcatalog; path = Assets.xcassets; sourceTree = "<group>"; };
		2D3C9E5523AF58B800339F9D /* Base */ = {isa = PBXFileReference; lastKnownFileType = file.storyboard; name = Base; path = Base.lproj/LaunchScreen.storyboard; sourceTree = "<group>"; };
		2D3C9E5723AF58B800339F9D /* Info.plist */ = {isa = PBXFileReference; lastKnownFileType = text.plist.xml; path = Info.plist; sourceTree = "<group>"; };
		2D3C9E6923AF5E0700339F9D /* AppModel.swift */ = {isa = PBXFileReference; lastKnownFileType = sourcecode.swift; path = AppModel.swift; sourceTree = "<group>"; };
		2D3C9E6C23AF5F3400339F9D /* NotiUtil.swift */ = {isa = PBXFileReference; lastKnownFileType = sourcecode.swift; path = NotiUtil.swift; sourceTree = "<group>"; };
		2D3C9E6F23AF640200339F9D /* JSONDecoder.swift */ = {isa = PBXFileReference; lastKnownFileType = sourcecode.swift; path = JSONDecoder.swift; sourceTree = "<group>"; };
		2D3C9E7123AF655800339F9D /* DateFormatter.swift */ = {isa = PBXFileReference; lastKnownFileType = sourcecode.swift; path = DateFormatter.swift; sourceTree = "<group>"; };
		2D3C9E7323AF663300339F9D /* NetworkService.swift */ = {isa = PBXFileReference; lastKnownFileType = sourcecode.swift; path = NetworkService.swift; sourceTree = "<group>"; };
		2D3C9E7523AF663900339F9D /* AppService.swift */ = {isa = PBXFileReference; lastKnownFileType = sourcecode.swift; path = AppService.swift; sourceTree = "<group>"; };
		2D3C9E7823AF670100339F9D /* Localizable.strings */ = {isa = PBXFileReference; lastKnownFileType = text.plist.strings; path = Localizable.strings; sourceTree = "<group>"; };
		2D3C9E7A23AF67A600339F9D /* Str.swift */ = {isa = PBXFileReference; fileEncoding = 4; lastKnownFileType = sourcecode.swift; path = Str.swift; sourceTree = "<group>"; };
		2D3C9E7C23AF67B500339F9D /* String.swift */ = {isa = PBXFileReference; lastKnownFileType = sourcecode.swift; path = String.swift; sourceTree = "<group>"; };
		2D3C9E7E23AF680600339F9D /* UIViewController.swift */ = {isa = PBXFileReference; lastKnownFileType = sourcecode.swift; path = UIViewController.swift; sourceTree = "<group>"; };
		2D7C801D23B3CE5000C64668 /* User.swift */ = {isa = PBXFileReference; lastKnownFileType = sourcecode.swift; path = User.swift; sourceTree = "<group>"; };
		2D7C802023B3CFB800C64668 /* InvestmentDialView.swift */ = {isa = PBXFileReference; lastKnownFileType = sourcecode.swift; path = InvestmentDialView.swift; sourceTree = "<group>"; };
		2DA1B36023B6169A00A26447 /* Color.swift */ = {isa = PBXFileReference; lastKnownFileType = sourcecode.swift; path = Color.swift; sourceTree = "<group>"; };
		2DA1B36223B616A000A26447 /* Font.swift */ = {isa = PBXFileReference; lastKnownFileType = sourcecode.swift; path = Font.swift; sourceTree = "<group>"; };
		3335C07A23B4FFDD0065FE62 /* NSObject + reusableIdentifier.swift */ = {isa = PBXFileReference; lastKnownFileType = sourcecode.swift; path = "NSObject + reusableIdentifier.swift"; sourceTree = "<group>"; };
		3335C07C23B53AA20065FE62 /* PageCell.swift */ = {isa = PBXFileReference; lastKnownFileType = sourcecode.swift; path = PageCell.swift; sourceTree = "<group>"; };
		3335C07E23B5A9770065FE62 /* MyFundingStatusVC3.swift */ = {isa = PBXFileReference; fileEncoding = 4; lastKnownFileType = sourcecode.swift; path = MyFundingStatusVC3.swift; sourceTree = "<group>"; };
		33D21C9623B5FC0E00158454 /* UIFont+Additions.swift */ = {isa = PBXFileReference; fileEncoding = 4; lastKnownFileType = sourcecode.swift; path = "UIFont+Additions.swift"; sourceTree = "<group>"; };
		33D3C4C723B3EFEE00E8AA3F /* MyFundingStatusVC.swift */ = {isa = PBXFileReference; lastKnownFileType = sourcecode.swift; path = MyFundingStatusVC.swift; sourceTree = "<group>"; };
		33D3C4C923B3F68600E8AA3F /* MyFundingStatusVC2.swift */ = {isa = PBXFileReference; lastKnownFileType = sourcecode.swift; path = MyFundingStatusVC2.swift; sourceTree = "<group>"; };
		33D3C4CB23B4179B00E8AA3F /* MyFundingStatusTableViewCell.swift */ = {isa = PBXFileReference; lastKnownFileType = sourcecode.swift; path = MyFundingStatusTableViewCell.swift; sourceTree = "<group>"; };
		33D3C4EF23B4E3F100E8AA3F /* CustomMenuBar.swift */ = {isa = PBXFileReference; lastKnownFileType = sourcecode.swift; path = CustomMenuBar.swift; sourceTree = "<group>"; };
		33D3C4F123B4E47200E8AA3F /* CustomMenuBarCell.swift */ = {isa = PBXFileReference; lastKnownFileType = sourcecode.swift; path = CustomMenuBarCell.swift; sourceTree = "<group>"; };
		33D3C4F323B4F27400E8AA3F /* Main.storyboard */ = {isa = PBXFileReference; lastKnownFileType = file.storyboard; path = Main.storyboard; sourceTree = "<group>"; };
		AF6B01B082E99B67F1F8EF7C /* Pods_Fundito.framework */ = {isa = PBXFileReference; explicitFileType = wrapper.framework; includeInIndex = 0; path = Pods_Fundito.framework; sourceTree = BUILT_PRODUCTS_DIR; };
		DB8BC83A124863AE2CEBDFE9 /* Pods-Fundito.debug.xcconfig */ = {isa = PBXFileReference; includeInIndex = 1; lastKnownFileType = text.xcconfig; name = "Pods-Fundito.debug.xcconfig"; path = "Target Support Files/Pods-Fundito/Pods-Fundito.debug.xcconfig"; sourceTree = "<group>"; };
		DD250BF35ACC6CC6F6851B03 /* Pods-Fundito.release.xcconfig */ = {isa = PBXFileReference; includeInIndex = 1; lastKnownFileType = text.xcconfig; name = "Pods-Fundito.release.xcconfig"; path = "Target Support Files/Pods-Fundito/Pods-Fundito.release.xcconfig"; sourceTree = "<group>"; };
/* End PBXFileReference section */

/* Begin PBXFrameworksBuildPhase section */
		2D3A281823B1E15E008FBD6C /* Frameworks */ = {
			isa = PBXFrameworksBuildPhase;
			buildActionMask = 2147483647;
			files = (
			);
			runOnlyForDeploymentPostprocessing = 0;
		};
		2D3C9E4323AF58B700339F9D /* Frameworks */ = {
			isa = PBXFrameworksBuildPhase;
			buildActionMask = 2147483647;
			files = (
				34722BFC0C63ED6C46530684 /* Pods_Fundito.framework in Frameworks */,
			);
			runOnlyForDeploymentPostprocessing = 0;
		};
/* End PBXFrameworksBuildPhase section */

/* Begin PBXGroup section */
		1D4DB5C209B321FA6C057DD6 /* Frameworks */ = {
			isa = PBXGroup;
			children = (
				AF6B01B082E99B67F1F8EF7C /* Pods_Fundito.framework */,
			);
			name = Frameworks;
			sourceTree = "<group>";
		};
		2D3A281C23B1E15E008FBD6C /* FunditoTests */ = {
			isa = PBXGroup;
			children = (
				2D3A281D23B1E15E008FBD6C /* FunctionTests.swift */,
				2D3A281F23B1E15E008FBD6C /* Info.plist */,
			);
			path = FunditoTests;
			sourceTree = "<group>";
		};
		2D3C9E3D23AF58B700339F9D = {
			isa = PBXGroup;
			children = (
				2D3C9E4823AF58B700339F9D /* Fundito */,
				2D3A281C23B1E15E008FBD6C /* FunditoTests */,
				2D3C9E4723AF58B700339F9D /* Products */,
				E6311087AF94E6B19559DB57 /* Pods */,
				1D4DB5C209B321FA6C057DD6 /* Frameworks */,
			);
			sourceTree = "<group>";
		};
		2D3C9E4723AF58B700339F9D /* Products */ = {
			isa = PBXGroup;
			children = (
				2D3C9E4623AF58B700339F9D /* Fundito.app */,
				2D3A281B23B1E15E008FBD6C /* FunditoTests.xctest */,
			);
			name = Products;
			sourceTree = "<group>";
		};
		2D3C9E4823AF58B700339F9D /* Fundito */ = {
			isa = PBXGroup;
			children = (
				2D3C9E5D23AF5A3500339F9D /* Resources */,
				2D3C9E6E23AF5F3500339F9D /* EXKit */,
				2D3C9E6823AF5E0000339F9D /* Common */,
				2D3C9E5F23AF5A3900339F9D /* Application */,
				2D3C9E6023AF5A3C00339F9D /* Presentation */,
				2D3C9E5E23AF5A3800339F9D /* Data */,
				2D3C9E5723AF58B800339F9D /* Info.plist */,
			);
			path = Fundito;
			sourceTree = "<group>";
		};
		2D3C9E5D23AF5A3500339F9D /* Resources */ = {
			isa = PBXGroup;
			children = (
				2D3C9E7A23AF67A600339F9D /* Str.swift */,
				2D3C9E5223AF58B800339F9D /* Assets.xcassets */,
				2D3C9E7823AF670100339F9D /* Localizable.strings */,
				2DA1B36023B6169A00A26447 /* Color.swift */,
				2DA1B36223B616A000A26447 /* Font.swift */,
			);
			path = Resources;
			sourceTree = "<group>";
		};
		2D3C9E5E23AF5A3800339F9D /* Data */ = {
			isa = PBXGroup;
			children = (
				2D3C9E6623AF5D4900339F9D /* Service */,
				2D3C9E6523AF5D4600339F9D /* Enumerator */,
				2D3C9E6423AF5D3F00339F9D /* Model */,
			);
			path = Data;
			sourceTree = "<group>";
		};
		2D3C9E5F23AF5A3900339F9D /* Application */ = {
			isa = PBXGroup;
			children = (
				2D3C9E4923AF58B700339F9D /* AppDelegate.swift */,
			);
			path = Application;
			sourceTree = "<group>";
		};
		2D3C9E6023AF5A3C00339F9D /* Presentation */ = {
			isa = PBXGroup;
			children = (
				33D3C4C623B3EF9600E8AA3F /* MyFundingStatus */,
				2D3C9E6223AF5A5400339F9D /* Splash */,
				2D3C9E6123AF5A5100339F9D /* Main */,
			);
			path = Presentation;
			sourceTree = "<group>";
		};
		2D3C9E6123AF5A5100339F9D /* Main */ = {
			isa = PBXGroup;
			children = (
				2D3C9E4D23AF58B700339F9D /* MainVC.swift */,
				33D3C4F323B4F27400E8AA3F /* Main.storyboard */,
			);
			path = Main;
			sourceTree = "<group>";
		};
		2D3C9E6223AF5A5400339F9D /* Splash */ = {
			isa = PBXGroup;
			children = (
				2D3C9E5423AF58B800339F9D /* LaunchScreen.storyboard */,
			);
			path = Splash;
			sourceTree = "<group>";
		};
		2D3C9E6423AF5D3F00339F9D /* Model */ = {
			isa = PBXGroup;
			children = (
				2D7C801D23B3CE5000C64668 /* User.swift */,
			);
			path = Model;
			sourceTree = "<group>";
		};
		2D3C9E6523AF5D4600339F9D /* Enumerator */ = {
			isa = PBXGroup;
			children = (
			);
			path = Enumerator;
			sourceTree = "<group>";
		};
		2D3C9E6623AF5D4900339F9D /* Service */ = {
			isa = PBXGroup;
			children = (
				2D3C9E7323AF663300339F9D /* NetworkService.swift */,
				2D3C9E7523AF663900339F9D /* AppService.swift */,
			);
			path = Service;
			sourceTree = "<group>";
		};
		2D3C9E6823AF5E0000339F9D /* Common */ = {
			isa = PBXGroup;
			children = (
				2D7C801F23B3CF7000C64668 /* View */,
				2D3C9E6923AF5E0700339F9D /* AppModel.swift */,
				2D3C9E6C23AF5F3400339F9D /* NotiUtil.swift */,
			);
			path = Common;
			sourceTree = "<group>";
		};
		2D3C9E6E23AF5F3500339F9D /* EXKit */ = {
			isa = PBXGroup;
			children = (
				33D21C9623B5FC0E00158454 /* UIFont+Additions.swift */,
				2D3C9E6F23AF640200339F9D /* JSONDecoder.swift */,
				2D3C9E7123AF655800339F9D /* DateFormatter.swift */,
				2D3C9E7C23AF67B500339F9D /* String.swift */,
				2D3C9E7E23AF680600339F9D /* UIViewController.swift */,
				2D3A281523B1DDDD008FBD6C /* NumberParsingExtension.swift */,
				3335C07A23B4FFDD0065FE62 /* NSObject + reusableIdentifier.swift */,
			);
			path = EXKit;
			sourceTree = "<group>";
		};
		2D7C801F23B3CF7000C64668 /* View */ = {
			isa = PBXGroup;
			children = (
				2D7C802023B3CFB800C64668 /* InvestmentDialView.swift */,
			);
			path = View;
		33D3C4C623B3EF9600E8AA3F /* MyFundingStatus */ = {
			isa = PBXGroup;
			children = (
				33D3C4C723B3EFEE00E8AA3F /* MyFundingStatusVC.swift */,
				33D3C4C923B3F68600E8AA3F /* MyFundingStatusVC2.swift */,
				3335C07E23B5A9770065FE62 /* MyFundingStatusVC3.swift */,
				33D3C4CB23B4179B00E8AA3F /* MyFundingStatusTableViewCell.swift */,
				33D3C4EF23B4E3F100E8AA3F /* CustomMenuBar.swift */,
				33D3C4F123B4E47200E8AA3F /* CustomMenuBarCell.swift */,
				3335C07C23B53AA20065FE62 /* PageCell.swift */,
				2D3C9E4F23AF58B700339F9D /* MyFundingStatus.storyboard */,
			);
			path = MyFundingStatus;
			sourceTree = "<group>";
		};
		E6311087AF94E6B19559DB57 /* Pods */ = {
			isa = PBXGroup;
			children = (
				DB8BC83A124863AE2CEBDFE9 /* Pods-Fundito.debug.xcconfig */,
				DD250BF35ACC6CC6F6851B03 /* Pods-Fundito.release.xcconfig */,
			);
			path = Pods;
			sourceTree = "<group>";
		};
/* End PBXGroup section */

/* Begin PBXNativeTarget section */
		2D3A281A23B1E15E008FBD6C /* FunditoTests */ = {
			isa = PBXNativeTarget;
			buildConfigurationList = 2D3A282223B1E15E008FBD6C /* Build configuration list for PBXNativeTarget "FunditoTests" */;
			buildPhases = (
				2D3A281723B1E15E008FBD6C /* Sources */,
				2D3A281823B1E15E008FBD6C /* Frameworks */,
				2D3A281923B1E15E008FBD6C /* Resources */,
			);
			buildRules = (
			);
			dependencies = (
				2D3A282123B1E15E008FBD6C /* PBXTargetDependency */,
			);
			name = FunditoTests;
			productName = FunditoTests;
			productReference = 2D3A281B23B1E15E008FBD6C /* FunditoTests.xctest */;
			productType = "com.apple.product-type.bundle.unit-test";
		};
		2D3C9E4523AF58B700339F9D /* Fundito */ = {
			isa = PBXNativeTarget;
			buildConfigurationList = 2D3C9E5A23AF58B800339F9D /* Build configuration list for PBXNativeTarget "Fundito" */;
			buildPhases = (
				1F278BFF1930FEAC5A872716 /* [CP] Check Pods Manifest.lock */,
				2D3C9E4223AF58B700339F9D /* Sources */,
				2D3C9E4323AF58B700339F9D /* Frameworks */,
				2D3C9E4423AF58B700339F9D /* Resources */,
				8AE1FC355977683A8CCE4FFD /* [CP] Embed Pods Frameworks */,
				2D3C9E7723AF66E400339F9D /* ShellScript */,
			);
			buildRules = (
			);
			dependencies = (
			);
			name = Fundito;
			productName = Fundito;
			productReference = 2D3C9E4623AF58B700339F9D /* Fundito.app */;
			productType = "com.apple.product-type.application";
		};
/* End PBXNativeTarget section */

/* Begin PBXProject section */
		2D3C9E3E23AF58B700339F9D /* Project object */ = {
			isa = PBXProject;
			attributes = {
				LastSwiftUpdateCheck = 1130;
				LastUpgradeCheck = 1130;
				ORGANIZATIONNAME = Fundito;
				TargetAttributes = {
					2D3A281A23B1E15E008FBD6C = {
						CreatedOnToolsVersion = 11.3;
						TestTargetID = 2D3C9E4523AF58B700339F9D;
					};
					2D3C9E4523AF58B700339F9D = {
						CreatedOnToolsVersion = 11.3;
					};
				};
			};
			buildConfigurationList = 2D3C9E4123AF58B700339F9D /* Build configuration list for PBXProject "Fundito" */;
			compatibilityVersion = "Xcode 9.3";
			developmentRegion = en;
			hasScannedForEncodings = 0;
			knownRegions = (
				en,
				Base,
			);
			mainGroup = 2D3C9E3D23AF58B700339F9D;
			productRefGroup = 2D3C9E4723AF58B700339F9D /* Products */;
			projectDirPath = "";
			projectRoot = "";
			targets = (
				2D3C9E4523AF58B700339F9D /* Fundito */,
				2D3A281A23B1E15E008FBD6C /* FunditoTests */,
			);
		};
/* End PBXProject section */

/* Begin PBXResourcesBuildPhase section */
		2D3A281923B1E15E008FBD6C /* Resources */ = {
			isa = PBXResourcesBuildPhase;
			buildActionMask = 2147483647;
			files = (
			);
			runOnlyForDeploymentPostprocessing = 0;
		};
		2D3C9E4423AF58B700339F9D /* Resources */ = {
			isa = PBXResourcesBuildPhase;
			buildActionMask = 2147483647;
			files = (
				2D3C9E5623AF58B800339F9D /* LaunchScreen.storyboard in Resources */,
				33D3C4F423B4F27400E8AA3F /* Main.storyboard in Resources */,
				2D3C9E7923AF670100339F9D /* Localizable.strings in Resources */,
				2D3C9E5323AF58B800339F9D /* Assets.xcassets in Resources */,
				2D3C9E5123AF58B700339F9D /* MyFundingStatus.storyboard in Resources */,
			);
			runOnlyForDeploymentPostprocessing = 0;
		};
/* End PBXResourcesBuildPhase section */

/* Begin PBXShellScriptBuildPhase section */
		1F278BFF1930FEAC5A872716 /* [CP] Check Pods Manifest.lock */ = {
			isa = PBXShellScriptBuildPhase;
			buildActionMask = 2147483647;
			files = (
			);
			inputFileListPaths = (
			);
			inputPaths = (
				"${PODS_PODFILE_DIR_PATH}/Podfile.lock",
				"${PODS_ROOT}/Manifest.lock",
			);
			name = "[CP] Check Pods Manifest.lock";
			outputFileListPaths = (
			);
			outputPaths = (
				"$(DERIVED_FILE_DIR)/Pods-Fundito-checkManifestLockResult.txt",
			);
			runOnlyForDeploymentPostprocessing = 0;
			shellPath = /bin/sh;
			shellScript = "diff \"${PODS_PODFILE_DIR_PATH}/Podfile.lock\" \"${PODS_ROOT}/Manifest.lock\" > /dev/null\nif [ $? != 0 ] ; then\n    # print error to STDERR\n    echo \"error: The sandbox is not in sync with the Podfile.lock. Run 'pod install' or update your CocoaPods installation.\" >&2\n    exit 1\nfi\n# This output is used by Xcode 'outputs' to avoid re-running this script phase.\necho \"SUCCESS\" > \"${SCRIPT_OUTPUT_FILE_0}\"\n";
			showEnvVarsInLog = 0;
		};
		2D3C9E7723AF66E400339F9D /* ShellScript */ = {
			isa = PBXShellScriptBuildPhase;
			buildActionMask = 2147483647;
			files = (
			);
			inputFileListPaths = (
			);
			inputPaths = (
			);
			outputFileListPaths = (
			);
			outputPaths = (
			);
			runOnlyForDeploymentPostprocessing = 0;
			shellPath = /bin/sh;
			shellScript = "echo \"generating Str.swift\"\n\ntouch tempStr.swift\necho \"struct Str {\" >> tempStr.swift\n\ninputfile=${SRCROOT}/Fundito/Resources/Localizable.strings\nwhile IFS= read -r line\n\ndo\necho $line\npattern='^[a-zA-Z]+(.*)[\\\\s]*=[\\\\s]*(.*);$'\n\nif [[ $line =~ $pattern ]]\nthen\necho \"Yes👌\"\nvariableName=$(echo ${line%%=*})\necho $variableName\nif [ \"$variableName\" != \"\" ]; then\necho \"    static let $variableName = \\\"$variableName\\\".localized\" >> tempStr.swift\nfi\nelse\necho \"No👎\"\nfi\ndone <\"$inputfile\"\n\necho \"}\" >> tempStr.swift\ncat tempStr.swift > ${SRCROOT}/Fundito/Resources/Str.swift\nrm tempStr.swift\n\necho \"-------------\"\ncat $inputfile\ncat ${SRCROOT}/Fundito/Resources/Str.swift\necho \"-------------\"\n";
		};
		8AE1FC355977683A8CCE4FFD /* [CP] Embed Pods Frameworks */ = {
			isa = PBXShellScriptBuildPhase;
			buildActionMask = 2147483647;
			files = (
			);
			inputFileListPaths = (
				"${PODS_ROOT}/Target Support Files/Pods-Fundito/Pods-Fundito-frameworks-${CONFIGURATION}-input-files.xcfilelist",
			);
			name = "[CP] Embed Pods Frameworks";
			outputFileListPaths = (
				"${PODS_ROOT}/Target Support Files/Pods-Fundito/Pods-Fundito-frameworks-${CONFIGURATION}-output-files.xcfilelist",
			);
			runOnlyForDeploymentPostprocessing = 0;
			shellPath = /bin/sh;
			shellScript = "\"${PODS_ROOT}/Target Support Files/Pods-Fundito/Pods-Fundito-frameworks.sh\"\n";
			showEnvVarsInLog = 0;
		};
/* End PBXShellScriptBuildPhase section */

/* Begin PBXSourcesBuildPhase section */
		2D3A281723B1E15E008FBD6C /* Sources */ = {
			isa = PBXSourcesBuildPhase;
			buildActionMask = 2147483647;
			files = (
				2D3A281E23B1E15E008FBD6C /* FunctionTests.swift in Sources */,
			);
			runOnlyForDeploymentPostprocessing = 0;
		};
		2D3C9E4223AF58B700339F9D /* Sources */ = {
			isa = PBXSourcesBuildPhase;
			buildActionMask = 2147483647;
			files = (
				2D7C801E23B3CE5000C64668 /* User.swift in Sources */,
				2D3C9E7223AF655800339F9D /* DateFormatter.swift in Sources */,
				2D3C9E4E23AF58B700339F9D /* MainVC.swift in Sources */,
				33D3C4F023B4E3F100E8AA3F /* CustomMenuBar.swift in Sources */,
				33D3C4CA23B3F68600E8AA3F /* MyFundingStatusVC2.swift in Sources */,
				2D3C9E7D23AF67B500339F9D /* String.swift in Sources */,
				2D3C9E7F23AF680600339F9D /* UIViewController.swift in Sources */,
				2D3C9E6D23AF5F3400339F9D /* NotiUtil.swift in Sources */,
				2D3A281623B1DDDD008FBD6C /* NumberParsingExtension.swift in Sources */,
				2D7C802123B3CFB800C64668 /* InvestmentDialView.swift in Sources */,
				2DA1B36123B6169A00A26447 /* Color.swift in Sources */,
				2D3C9E6A23AF5E0700339F9D /* AppModel.swift in Sources */,
				33D3C4CC23B4179B00E8AA3F /* MyFundingStatusTableViewCell.swift in Sources */,
				3335C07D23B53AA20065FE62 /* PageCell.swift in Sources */,
				2D3C9E4A23AF58B700339F9D /* AppDelegate.swift in Sources */,
				3335C07F23B5A9770065FE62 /* MyFundingStatusVC3.swift in Sources */,
				2D3C9E7623AF663900339F9D /* AppService.swift in Sources */,
				2DA1B36323B616A000A26447 /* Font.swift in Sources */,
				33D3C4C823B3EFEE00E8AA3F /* MyFundingStatusVC.swift in Sources */,
				2D3C9E7023AF640200339F9D /* JSONDecoder.swift in Sources */,
				2D3C9E7423AF663300339F9D /* NetworkService.swift in Sources */,
				33D21C9723B5FC0E00158454 /* UIFont+Additions.swift in Sources */,
				3335C07B23B4FFDD0065FE62 /* NSObject + reusableIdentifier.swift in Sources */,
				33D3C4F223B4E47200E8AA3F /* CustomMenuBarCell.swift in Sources */,
				2D3C9E7B23AF67A600339F9D /* Str.swift in Sources */,
			);
			runOnlyForDeploymentPostprocessing = 0;
		};
/* End PBXSourcesBuildPhase section */

/* Begin PBXTargetDependency section */
		2D3A282123B1E15E008FBD6C /* PBXTargetDependency */ = {
			isa = PBXTargetDependency;
			target = 2D3C9E4523AF58B700339F9D /* Fundito */;
			targetProxy = 2D3A282023B1E15E008FBD6C /* PBXContainerItemProxy */;
		};
/* End PBXTargetDependency section */

/* Begin PBXVariantGroup section */
		2D3C9E4F23AF58B700339F9D /* MyFundingStatus.storyboard */ = {
			isa = PBXVariantGroup;
			children = (
				2D3C9E5023AF58B700339F9D /* Base */,
			);
			name = MyFundingStatus.storyboard;
			sourceTree = "<group>";
		};
		2D3C9E5423AF58B800339F9D /* LaunchScreen.storyboard */ = {
			isa = PBXVariantGroup;
			children = (
				2D3C9E5523AF58B800339F9D /* Base */,
			);
			name = LaunchScreen.storyboard;
			sourceTree = "<group>";
		};
/* End PBXVariantGroup section */

/* Begin XCBuildConfiguration section */
		2D3A282323B1E15E008FBD6C /* Debug */ = {
			isa = XCBuildConfiguration;
			buildSettings = {
				BUNDLE_LOADER = "$(TEST_HOST)";
				CODE_SIGN_STYLE = Automatic;
				INFOPLIST_FILE = FunditoTests/Info.plist;
				LD_RUNPATH_SEARCH_PATHS = (
					"$(inherited)",
					"@executable_path/Frameworks",
					"@loader_path/Frameworks",
				);
				PRODUCT_BUNDLE_IDENTIFIER = com.fundito.FunditoTests;
				PRODUCT_NAME = "$(TARGET_NAME)";
				SWIFT_VERSION = 5.0;
				TARGETED_DEVICE_FAMILY = "1,2";
				TEST_HOST = "$(BUILT_PRODUCTS_DIR)/Fundito.app/Fundito";
			};
			name = Debug;
		};
		2D3A282423B1E15E008FBD6C /* Release */ = {
			isa = XCBuildConfiguration;
			buildSettings = {
				BUNDLE_LOADER = "$(TEST_HOST)";
				CODE_SIGN_STYLE = Automatic;
				INFOPLIST_FILE = FunditoTests/Info.plist;
				LD_RUNPATH_SEARCH_PATHS = (
					"$(inherited)",
					"@executable_path/Frameworks",
					"@loader_path/Frameworks",
				);
				PRODUCT_BUNDLE_IDENTIFIER = com.fundito.FunditoTests;
				PRODUCT_NAME = "$(TARGET_NAME)";
				SWIFT_VERSION = 5.0;
				TARGETED_DEVICE_FAMILY = "1,2";
				TEST_HOST = "$(BUILT_PRODUCTS_DIR)/Fundito.app/Fundito";
			};
			name = Release;
		};
		2D3C9E5823AF58B800339F9D /* Debug */ = {
			isa = XCBuildConfiguration;
			buildSettings = {
				ALWAYS_SEARCH_USER_PATHS = NO;
				CLANG_ANALYZER_NONNULL = YES;
				CLANG_ANALYZER_NUMBER_OBJECT_CONVERSION = YES_AGGRESSIVE;
				CLANG_CXX_LANGUAGE_STANDARD = "gnu++14";
				CLANG_CXX_LIBRARY = "libc++";
				CLANG_ENABLE_MODULES = YES;
				CLANG_ENABLE_OBJC_ARC = YES;
				CLANG_ENABLE_OBJC_WEAK = YES;
				CLANG_WARN_BLOCK_CAPTURE_AUTORELEASING = YES;
				CLANG_WARN_BOOL_CONVERSION = YES;
				CLANG_WARN_COMMA = YES;
				CLANG_WARN_CONSTANT_CONVERSION = YES;
				CLANG_WARN_DEPRECATED_OBJC_IMPLEMENTATIONS = YES;
				CLANG_WARN_DIRECT_OBJC_ISA_USAGE = YES_ERROR;
				CLANG_WARN_DOCUMENTATION_COMMENTS = YES;
				CLANG_WARN_EMPTY_BODY = YES;
				CLANG_WARN_ENUM_CONVERSION = YES;
				CLANG_WARN_INFINITE_RECURSION = YES;
				CLANG_WARN_INT_CONVERSION = YES;
				CLANG_WARN_NON_LITERAL_NULL_CONVERSION = YES;
				CLANG_WARN_OBJC_IMPLICIT_RETAIN_SELF = YES;
				CLANG_WARN_OBJC_LITERAL_CONVERSION = YES;
				CLANG_WARN_OBJC_ROOT_CLASS = YES_ERROR;
				CLANG_WARN_RANGE_LOOP_ANALYSIS = YES;
				CLANG_WARN_STRICT_PROTOTYPES = YES;
				CLANG_WARN_SUSPICIOUS_MOVE = YES;
				CLANG_WARN_UNGUARDED_AVAILABILITY = YES_AGGRESSIVE;
				CLANG_WARN_UNREACHABLE_CODE = YES;
				CLANG_WARN__DUPLICATE_METHOD_MATCH = YES;
				COPY_PHASE_STRIP = NO;
				DEBUG_INFORMATION_FORMAT = dwarf;
				ENABLE_STRICT_OBJC_MSGSEND = YES;
				ENABLE_TESTABILITY = YES;
				GCC_C_LANGUAGE_STANDARD = gnu11;
				GCC_DYNAMIC_NO_PIC = NO;
				GCC_NO_COMMON_BLOCKS = YES;
				GCC_OPTIMIZATION_LEVEL = 0;
				GCC_PREPROCESSOR_DEFINITIONS = (
					"DEBUG=1",
					"$(inherited)",
				);
				GCC_WARN_64_TO_32_BIT_CONVERSION = YES;
				GCC_WARN_ABOUT_RETURN_TYPE = YES_ERROR;
				GCC_WARN_UNDECLARED_SELECTOR = YES;
				GCC_WARN_UNINITIALIZED_AUTOS = YES_AGGRESSIVE;
				GCC_WARN_UNUSED_FUNCTION = YES;
				GCC_WARN_UNUSED_VARIABLE = YES;
				IPHONEOS_DEPLOYMENT_TARGET = 13.2;
				MTL_ENABLE_DEBUG_INFO = INCLUDE_SOURCE;
				MTL_FAST_MATH = YES;
				ONLY_ACTIVE_ARCH = YES;
				SDKROOT = iphoneos;
				SWIFT_ACTIVE_COMPILATION_CONDITIONS = DEBUG;
				SWIFT_OPTIMIZATION_LEVEL = "-Onone";
			};
			name = Debug;
		};
		2D3C9E5923AF58B800339F9D /* Release */ = {
			isa = XCBuildConfiguration;
			buildSettings = {
				ALWAYS_SEARCH_USER_PATHS = NO;
				CLANG_ANALYZER_NONNULL = YES;
				CLANG_ANALYZER_NUMBER_OBJECT_CONVERSION = YES_AGGRESSIVE;
				CLANG_CXX_LANGUAGE_STANDARD = "gnu++14";
				CLANG_CXX_LIBRARY = "libc++";
				CLANG_ENABLE_MODULES = YES;
				CLANG_ENABLE_OBJC_ARC = YES;
				CLANG_ENABLE_OBJC_WEAK = YES;
				CLANG_WARN_BLOCK_CAPTURE_AUTORELEASING = YES;
				CLANG_WARN_BOOL_CONVERSION = YES;
				CLANG_WARN_COMMA = YES;
				CLANG_WARN_CONSTANT_CONVERSION = YES;
				CLANG_WARN_DEPRECATED_OBJC_IMPLEMENTATIONS = YES;
				CLANG_WARN_DIRECT_OBJC_ISA_USAGE = YES_ERROR;
				CLANG_WARN_DOCUMENTATION_COMMENTS = YES;
				CLANG_WARN_EMPTY_BODY = YES;
				CLANG_WARN_ENUM_CONVERSION = YES;
				CLANG_WARN_INFINITE_RECURSION = YES;
				CLANG_WARN_INT_CONVERSION = YES;
				CLANG_WARN_NON_LITERAL_NULL_CONVERSION = YES;
				CLANG_WARN_OBJC_IMPLICIT_RETAIN_SELF = YES;
				CLANG_WARN_OBJC_LITERAL_CONVERSION = YES;
				CLANG_WARN_OBJC_ROOT_CLASS = YES_ERROR;
				CLANG_WARN_RANGE_LOOP_ANALYSIS = YES;
				CLANG_WARN_STRICT_PROTOTYPES = YES;
				CLANG_WARN_SUSPICIOUS_MOVE = YES;
				CLANG_WARN_UNGUARDED_AVAILABILITY = YES_AGGRESSIVE;
				CLANG_WARN_UNREACHABLE_CODE = YES;
				CLANG_WARN__DUPLICATE_METHOD_MATCH = YES;
				COPY_PHASE_STRIP = NO;
				DEBUG_INFORMATION_FORMAT = "dwarf-with-dsym";
				ENABLE_NS_ASSERTIONS = NO;
				ENABLE_STRICT_OBJC_MSGSEND = YES;
				GCC_C_LANGUAGE_STANDARD = gnu11;
				GCC_NO_COMMON_BLOCKS = YES;
				GCC_WARN_64_TO_32_BIT_CONVERSION = YES;
				GCC_WARN_ABOUT_RETURN_TYPE = YES_ERROR;
				GCC_WARN_UNDECLARED_SELECTOR = YES;
				GCC_WARN_UNINITIALIZED_AUTOS = YES_AGGRESSIVE;
				GCC_WARN_UNUSED_FUNCTION = YES;
				GCC_WARN_UNUSED_VARIABLE = YES;
				IPHONEOS_DEPLOYMENT_TARGET = 13.2;
				MTL_ENABLE_DEBUG_INFO = NO;
				MTL_FAST_MATH = YES;
				SDKROOT = iphoneos;
				SWIFT_COMPILATION_MODE = wholemodule;
				SWIFT_OPTIMIZATION_LEVEL = "-O";
				VALIDATE_PRODUCT = YES;
			};
			name = Release;
		};
		2D3C9E5B23AF58B800339F9D /* Debug */ = {
			isa = XCBuildConfiguration;
			baseConfigurationReference = DB8BC83A124863AE2CEBDFE9 /* Pods-Fundito.debug.xcconfig */;
			buildSettings = {
				ASSETCATALOG_COMPILER_APPICON_NAME = AppIcon;
				CODE_SIGN_STYLE = Automatic;
				DEVELOPMENT_TEAM = ZG9NK3M8S6;
				INFOPLIST_FILE = Fundito/Info.plist;
				IPHONEOS_DEPLOYMENT_TARGET = 12.0;
				LD_RUNPATH_SEARCH_PATHS = (
					"$(inherited)",
					"@executable_path/Frameworks",
				);
				OTHER_LDFLAGS = (
					"$(inherited)",
					"-l\"z\"",
					"-framework",
					"\"Accelerate\"",
					"-framework",
					"\"Alamofire\"",
					"-framework",
					"\"AlamofireNetworkActivityLogger\"",
					"-framework",
					"\"CFNetwork\"",
					"-framework",
					"\"CoreGraphics\"",
					"-framework",
					"\"CoreMedia\"",
					"-framework",
					"\"DZNEmptyDataSet\"",
					"-framework",
					"\"FBSDKCoreKit\"",
					"-framework",
					"\"FBSDKLoginKit\"",
					"-framework",
					"\"Foundation\"",
					"-framework",
					"\"Hero\"",
					"-framework",
					"\"JGProgressHUD\"",
					"-framework",
					"\"Kingfisher\"",
					"-framework",
					"\"M13Checkbox\"",
					"-framework",
					"\"MDFInternationalization\"",
					"-framework",
					"\"MDFTextAccessibility\"",
					"-framework",
					"\"MaterialComponents\"",
					"-framework",
					"\"PromiseKit\"",
					"-framework",
					"\"QuartzCore\"",
					"-framework",
					"\"UIKit\"",
					"-framework",
					"\"UITextView_Placeholder\"",
					"-framework",
					"\"WebKit\"",
					"-weak_framework",
					"\"Accelerate\"",
					"-weak_framework",
					"\"Accounts\"",
					"-weak_framework",
					"\"AudioToolbox\"",
					"-weak_framework",
					"\"CoreGraphics\"",
					"-weak_framework",
					"\"CoreLocation\"",
					"-weak_framework",
					"\"Foundation\"",
					"-weak_framework",
					"\"QuartzCore\"",
					"-weak_framework",
					"\"Security\"",
					"-weak_framework",
					"\"Social\"",
					"-weak_framework",
					"\"UIKit\"",
					"-ObjC",
				);
				PRODUCT_BUNDLE_IDENTIFIER = com.fundito.Fundito;
				PRODUCT_NAME = "$(TARGET_NAME)";
				SWIFT_VERSION = 5.0;
				TARGETED_DEVICE_FAMILY = 1;
			};
			name = Debug;
		};
		2D3C9E5C23AF58B800339F9D /* Release */ = {
			isa = XCBuildConfiguration;
			baseConfigurationReference = DD250BF35ACC6CC6F6851B03 /* Pods-Fundito.release.xcconfig */;
			buildSettings = {
				ASSETCATALOG_COMPILER_APPICON_NAME = AppIcon;
				CODE_SIGN_STYLE = Automatic;
				DEVELOPMENT_TEAM = ZG9NK3M8S6;
				INFOPLIST_FILE = Fundito/Info.plist;
				IPHONEOS_DEPLOYMENT_TARGET = 12.0;
				LD_RUNPATH_SEARCH_PATHS = (
					"$(inherited)",
					"@executable_path/Frameworks",
				);
				OTHER_LDFLAGS = (
					"$(inherited)",
					"-l\"z\"",
					"-framework",
					"\"Accelerate\"",
					"-framework",
					"\"Alamofire\"",
					"-framework",
					"\"AlamofireNetworkActivityLogger\"",
					"-framework",
					"\"CFNetwork\"",
					"-framework",
					"\"CoreGraphics\"",
					"-framework",
					"\"CoreMedia\"",
					"-framework",
					"\"DZNEmptyDataSet\"",
					"-framework",
					"\"FBSDKCoreKit\"",
					"-framework",
					"\"FBSDKLoginKit\"",
					"-framework",
					"\"Foundation\"",
					"-framework",
					"\"Hero\"",
					"-framework",
					"\"JGProgressHUD\"",
					"-framework",
					"\"Kingfisher\"",
					"-framework",
					"\"M13Checkbox\"",
					"-framework",
					"\"MDFInternationalization\"",
					"-framework",
					"\"MDFTextAccessibility\"",
					"-framework",
					"\"MaterialComponents\"",
					"-framework",
					"\"PromiseKit\"",
					"-framework",
					"\"QuartzCore\"",
					"-framework",
					"\"UIKit\"",
					"-framework",
					"\"UITextView_Placeholder\"",
					"-framework",
					"\"WebKit\"",
					"-weak_framework",
					"\"Accelerate\"",
					"-weak_framework",
					"\"Accounts\"",
					"-weak_framework",
					"\"AudioToolbox\"",
					"-weak_framework",
					"\"CoreGraphics\"",
					"-weak_framework",
					"\"CoreLocation\"",
					"-weak_framework",
					"\"Foundation\"",
					"-weak_framework",
					"\"QuartzCore\"",
					"-weak_framework",
					"\"Security\"",
					"-weak_framework",
					"\"Social\"",
					"-weak_framework",
					"\"UIKit\"",
					"-ObjC",
				);
				PRODUCT_BUNDLE_IDENTIFIER = com.fundito.Fundito;
				PRODUCT_NAME = "$(TARGET_NAME)";
				SWIFT_VERSION = 5.0;
				TARGETED_DEVICE_FAMILY = 1;
			};
			name = Release;
		};
/* End XCBuildConfiguration section */

/* Begin XCConfigurationList section */
		2D3A282223B1E15E008FBD6C /* Build configuration list for PBXNativeTarget "FunditoTests" */ = {
			isa = XCConfigurationList;
			buildConfigurations = (
				2D3A282323B1E15E008FBD6C /* Debug */,
				2D3A282423B1E15E008FBD6C /* Release */,
			);
			defaultConfigurationIsVisible = 0;
			defaultConfigurationName = Release;
		};
		2D3C9E4123AF58B700339F9D /* Build configuration list for PBXProject "Fundito" */ = {
			isa = XCConfigurationList;
			buildConfigurations = (
				2D3C9E5823AF58B800339F9D /* Debug */,
				2D3C9E5923AF58B800339F9D /* Release */,
			);
			defaultConfigurationIsVisible = 0;
			defaultConfigurationName = Release;
		};
		2D3C9E5A23AF58B800339F9D /* Build configuration list for PBXNativeTarget "Fundito" */ = {
			isa = XCConfigurationList;
			buildConfigurations = (
				2D3C9E5B23AF58B800339F9D /* Debug */,
				2D3C9E5C23AF58B800339F9D /* Release */,
			);
			defaultConfigurationIsVisible = 0;
			defaultConfigurationName = Release;
		};
/* End XCConfigurationList section */
	};
	rootObject = 2D3C9E3E23AF58B700339F9D /* Project object */;
}
