// !$*UTF8*$!
{
	archiveVersion = 1;
	classes = {
	};
	objectVersion = 51;
	objects = {

/* Begin PBXBuildFile section */
		2D250E5823BC21AC001A01E2 /* InvestmentDialView.swift in Sources */ = {isa = PBXBuildFile; fileRef = 2D250E5723BC21AC001A01E2 /* InvestmentDialView.swift */; };
		2D250E5A23BC21C8001A01E2 /* FundingProgressView.swift in Sources */ = {isa = PBXBuildFile; fileRef = 2D250E5923BC21C8001A01E2 /* FundingProgressView.swift */; };
		2D250E5C23BC2807001A01E2 /* CustomTabView.swift in Sources */ = {isa = PBXBuildFile; fileRef = 2D250E5B23BC2807001A01E2 /* CustomTabView.swift */; };
		2D3C9E4A23AF58B700339F9D /* AppDelegate.swift in Sources */ = {isa = PBXBuildFile; fileRef = 2D3C9E4923AF58B700339F9D /* AppDelegate.swift */; };
		2D3C9E4E23AF58B700339F9D /* MainVC.swift in Sources */ = {isa = PBXBuildFile; fileRef = 2D3C9E4D23AF58B700339F9D /* MainVC.swift */; };
		2D3C9E5123AF58B700339F9D /* MyFundingStatus.storyboard in Resources */ = {isa = PBXBuildFile; fileRef = 2D3C9E4F23AF58B700339F9D /* MyFundingStatus.storyboard */; };
		2D3C9E5323AF58B800339F9D /* Assets.xcassets in Resources */ = {isa = PBXBuildFile; fileRef = 2D3C9E5223AF58B800339F9D /* Assets.xcassets */; };
		2D3C9E5623AF58B800339F9D /* LaunchScreen.storyboard in Resources */ = {isa = PBXBuildFile; fileRef = 2D3C9E5423AF58B800339F9D /* LaunchScreen.storyboard */; };
		2D3C9E6A23AF5E0700339F9D /* AppModel.swift in Sources */ = {isa = PBXBuildFile; fileRef = 2D3C9E6923AF5E0700339F9D /* AppModel.swift */; };
		2D3C9E6D23AF5F3400339F9D /* NotiUtil.swift in Sources */ = {isa = PBXBuildFile; fileRef = 2D3C9E6C23AF5F3400339F9D /* NotiUtil.swift */; };
		2D3C9E7023AF640200339F9D /* JSONDecoder.swift in Sources */ = {isa = PBXBuildFile; fileRef = 2D3C9E6F23AF640200339F9D /* JSONDecoder.swift */; };
		2D3C9E7223AF655800339F9D /* DateFormatter.swift in Sources */ = {isa = PBXBuildFile; fileRef = 2D3C9E7123AF655800339F9D /* DateFormatter.swift */; };
		2D3C9E7423AF663300339F9D /* NetworkService.swift in Sources */ = {isa = PBXBuildFile; fileRef = 2D3C9E7323AF663300339F9D /* NetworkService.swift */; };
		2D3C9E7623AF663900339F9D /* AppService.swift in Sources */ = {isa = PBXBuildFile; fileRef = 2D3C9E7523AF663900339F9D /* AppService.swift */; };
		2D3C9E7923AF670100339F9D /* Localizable.strings in Resources */ = {isa = PBXBuildFile; fileRef = 2D3C9E7823AF670100339F9D /* Localizable.strings */; };
		2D3C9E7B23AF67A600339F9D /* Str.swift in Sources */ = {isa = PBXBuildFile; fileRef = 2D3C9E7A23AF67A600339F9D /* Str.swift */; };
		2D3C9E7D23AF67B500339F9D /* String.swift in Sources */ = {isa = PBXBuildFile; fileRef = 2D3C9E7C23AF67B500339F9D /* String.swift */; };
		2D3C9E7F23AF680600339F9D /* UIViewController.swift in Sources */ = {isa = PBXBuildFile; fileRef = 2D3C9E7E23AF680600339F9D /* UIViewController.swift */; };
		2DA1B36C23B6218800A26447 /* ChargeVC.swift in Sources */ = {isa = PBXBuildFile; fileRef = 2DA1B36B23B6218800A26447 /* ChargeVC.swift */; };
		2DA1B37023B621ED00A26447 /* LoginVC.swift in Sources */ = {isa = PBXBuildFile; fileRef = 2DA1B36F23B621ED00A26447 /* LoginVC.swift */; };
		2DA1B37223B6220C00A26447 /* StoreRegisterVC.swift in Sources */ = {isa = PBXBuildFile; fileRef = 2DA1B37123B6220C00A26447 /* StoreRegisterVC.swift */; };
		2DA1B37423B6222B00A26447 /* StoreDetailVC.swift in Sources */ = {isa = PBXBuildFile; fileRef = 2DA1B37323B6222B00A26447 /* StoreDetailVC.swift */; };
		2DA1B37623B6224200A26447 /* StoreCheerVC.swift in Sources */ = {isa = PBXBuildFile; fileRef = 2DA1B37523B6224200A26447 /* StoreCheerVC.swift */; };
		2DA1B37823B622A400A26447 /* SearchVC.swift in Sources */ = {isa = PBXBuildFile; fileRef = 2DA1B37723B622A400A26447 /* SearchVC.swift */; };
		2DA1B37A23B622CB00A26447 /* FundingVC.swift in Sources */ = {isa = PBXBuildFile; fileRef = 2DA1B37923B622CB00A26447 /* FundingVC.swift */; };
		2DA1B37C23B622DC00A26447 /* FundingInputVC.swift in Sources */ = {isa = PBXBuildFile; fileRef = 2DA1B37B23B622DC00A26447 /* FundingInputVC.swift */; };
		2DA1B37E23B622EE00A26447 /* FundingProgressVC.swift in Sources */ = {isa = PBXBuildFile; fileRef = 2DA1B37D23B622EE00A26447 /* FundingProgressVC.swift */; };
		2DA1B38023B6230000A26447 /* FundingCompleteVC.swift in Sources */ = {isa = PBXBuildFile; fileRef = 2DA1B37F23B6230000A26447 /* FundingCompleteVC.swift */; };
		2DA1B38523B6234900A26447 /* MoreVC.swift in Sources */ = {isa = PBXBuildFile; fileRef = 2DA1B38423B6234900A26447 /* MoreVC.swift */; };
		2DA1B38723B6234D00A26447 /* HomeVC.swift in Sources */ = {isa = PBXBuildFile; fileRef = 2DA1B38623B6234D00A26447 /* HomeVC.swift */; };
		2DA1B38923B6235900A26447 /* FeedFriendDetailVC.swift in Sources */ = {isa = PBXBuildFile; fileRef = 2DA1B38823B6235900A26447 /* FeedFriendDetailVC.swift */; };
		2DA1B38B23B6236100A26447 /* FeedFriendListVC.swift in Sources */ = {isa = PBXBuildFile; fileRef = 2DA1B38A23B6236100A26447 /* FeedFriendListVC.swift */; };
		2DC29ED323B786CA00671303 /* View.swift in Sources */ = {isa = PBXBuildFile; fileRef = 2DC29ED223B786CA00671303 /* View.swift */; };
		3335C07B23B4FFDD0065FE62 /* NSObject + reusableIdentifier.swift in Sources */ = {isa = PBXBuildFile; fileRef = 3335C07A23B4FFDD0065FE62 /* NSObject + reusableIdentifier.swift */; };
		3335C07D23B53AA20065FE62 /* TabCollectionViewCell.swift in Sources */ = {isa = PBXBuildFile; fileRef = 3335C07C23B53AA20065FE62 /* TabCollectionViewCell.swift */; };
		3335C07F23B5A9770065FE62 /* MyFundingStatusVC3.swift in Sources */ = {isa = PBXBuildFile; fileRef = 3335C07E23B5A9770065FE62 /* MyFundingStatusVC3.swift */; };
		333ACFC223BE465D00B8D54E /* Timeline.swift in Sources */ = {isa = PBXBuildFile; fileRef = 333ACFC123BE465D00B8D54E /* Timeline.swift */; };
		333ACFC423BE4C1300B8D54E /* storeCollectionViewCell.swift in Sources */ = {isa = PBXBuildFile; fileRef = 333ACFC323BE4C1300B8D54E /* storeCollectionViewCell.swift */; };
		333ACFC623BE7A1300B8D54E /* MyFundingProgress.swift in Sources */ = {isa = PBXBuildFile; fileRef = 333ACFC523BE7A1300B8D54E /* MyFundingProgress.swift */; };
		333ACFC823BE7CAE00B8D54E /* MyFundingDone.swift in Sources */ = {isa = PBXBuildFile; fileRef = 333ACFC723BE7CAE00B8D54E /* MyFundingDone.swift */; };
		333ACFCA23BE7D6100B8D54E /* Tab2CollectionViewCell.swift in Sources */ = {isa = PBXBuildFile; fileRef = 333ACFC923BE7D6100B8D54E /* Tab2CollectionViewCell.swift */; };
		33876D1323B7C20E0095B532 /* FirstPopUpView.swift in Sources */ = {isa = PBXBuildFile; fileRef = 33876D1223B7C20E0095B532 /* FirstPopUpView.swift */; };
		33876D1523B895330095B532 /* SecondPopUpView.swift in Sources */ = {isa = PBXBuildFile; fileRef = 33876D1423B895330095B532 /* SecondPopUpView.swift */; };
		33876D1723B8CE800095B532 /* StorePopUpView.swift in Sources */ = {isa = PBXBuildFile; fileRef = 33876D1623B8CE800095B532 /* StorePopUpView.swift */; };
		33876D1923B8D21E0095B532 /* StorePopUpTableViewCell.swift in Sources */ = {isa = PBXBuildFile; fileRef = 33876D1823B8D21E0095B532 /* StorePopUpTableViewCell.swift */; };
		33876D1B23B91BAE0095B532 /* FudingPVC.swift in Sources */ = {isa = PBXBuildFile; fileRef = 33876D1A23B91BAE0095B532 /* FudingPVC.swift */; };
		338EF0FF23BCBE15000CA6F1 /* TimelineCollectionViewCell.swift in Sources */ = {isa = PBXBuildFile; fileRef = 338EF0FE23BCBE15000CA6F1 /* TimelineCollectionViewCell.swift */; };
		3397E13D23BAB1DA00D864F2 /* MainTabBarController.swift in Sources */ = {isa = PBXBuildFile; fileRef = 3397E13C23BAB1DA00D864F2 /* MainTabBarController.swift */; };
		3397E13F23BB62B300D864F2 /* FundingProgressPasswordVC.swift in Sources */ = {isa = PBXBuildFile; fileRef = 3397E13E23BB62B300D864F2 /* FundingProgressPasswordVC.swift */; };
		3397E14323BB678C00D864F2 /* PasswordTextField.swift in Sources */ = {isa = PBXBuildFile; fileRef = 3397E14223BB678C00D864F2 /* PasswordTextField.swift */; };
		33D21CA923B625D000158454 /* Color.swift in Sources */ = {isa = PBXBuildFile; fileRef = 33D21CA623B625D000158454 /* Color.swift */; };
		33D21CAF23B6260E00158454 /* Spoqa Han Sans Regular.ttf in Resources */ = {isa = PBXBuildFile; fileRef = 33D21CAB23B6260E00158454 /* Spoqa Han Sans Regular.ttf */; };
		33D21CB023B6260E00158454 /* Spoqa Han Sans Bold.ttf in Resources */ = {isa = PBXBuildFile; fileRef = 33D21CAC23B6260E00158454 /* Spoqa Han Sans Bold.ttf */; };
		33D21CB123B6260E00158454 /* Spoqa Han Sans Light.ttf in Resources */ = {isa = PBXBuildFile; fileRef = 33D21CAD23B6260E00158454 /* Spoqa Han Sans Light.ttf */; };
		33D21CB223B6260E00158454 /* Spoqa Han Sans Thin.ttf in Resources */ = {isa = PBXBuildFile; fileRef = 33D21CAE23B6260E00158454 /* Spoqa Han Sans Thin.ttf */; };
		33D21CB423B62B3F00158454 /* Font.swift in Sources */ = {isa = PBXBuildFile; fileRef = 33D21CB323B62B3F00158454 /* Font.swift */; };
		33D3C4C823B3EFEE00E8AA3F /* MyFundingStatusVC.swift in Sources */ = {isa = PBXBuildFile; fileRef = 33D3C4C723B3EFEE00E8AA3F /* MyFundingStatusVC.swift */; };
		33D3C4CC23B4179B00E8AA3F /* FirstPopUpTableViewCell.swift in Sources */ = {isa = PBXBuildFile; fileRef = 33D3C4CB23B4179B00E8AA3F /* FirstPopUpTableViewCell.swift */; };
		33D3C4F023B4E3F100E8AA3F /* CustomMenuBar.swift in Sources */ = {isa = PBXBuildFile; fileRef = 33D3C4EF23B4E3F100E8AA3F /* CustomMenuBar.swift */; };
		33D3C4F223B4E47200E8AA3F /* CustomMenuBarCell.swift in Sources */ = {isa = PBXBuildFile; fileRef = 33D3C4F123B4E47200E8AA3F /* CustomMenuBarCell.swift */; };
		33F540D423BE85BF0061D463 /* More.storyboard in Resources */ = {isa = PBXBuildFile; fileRef = 33F540CB23BE85BF0061D463 /* More.storyboard */; };
		33F540D523BE85BF0061D463 /* Home.storyboard in Resources */ = {isa = PBXBuildFile; fileRef = 33F540CC23BE85BF0061D463 /* Home.storyboard */; };
		33F540D623BE85BF0061D463 /* Feed.storyboard in Resources */ = {isa = PBXBuildFile; fileRef = 33F540CD23BE85BF0061D463 /* Feed.storyboard */; };
		33F540D823BE85BF0061D463 /* Main.storyboard in Resources */ = {isa = PBXBuildFile; fileRef = 33F540D123BE85BF0061D463 /* Main.storyboard */; };
		33F540D923BE85BF0061D463 /* Store.storyboard in Resources */ = {isa = PBXBuildFile; fileRef = 33F540D223BE85BF0061D463 /* Store.storyboard */; };
		33F540DA23BE85BF0061D463 /* Funding.storyboard in Resources */ = {isa = PBXBuildFile; fileRef = 33F540D323BE85BF0061D463 /* Funding.storyboard */; };
		34722BFC0C63ED6C46530684 /* Pods_Fundito.framework in Frameworks */ = {isa = PBXBuildFile; fileRef = AF6B01B082E99B67F1F8EF7C /* Pods_Fundito.framework */; };
/* End PBXBuildFile section */

/* Begin PBXFileReference section */
		2D250E5723BC21AC001A01E2 /* InvestmentDialView.swift */ = {isa = PBXFileReference; fileEncoding = 4; lastKnownFileType = sourcecode.swift; path = InvestmentDialView.swift; sourceTree = "<group>"; };
		2D250E5923BC21C8001A01E2 /* FundingProgressView.swift */ = {isa = PBXFileReference; lastKnownFileType = sourcecode.swift; path = FundingProgressView.swift; sourceTree = "<group>"; };
		2D250E5B23BC2807001A01E2 /* CustomTabView.swift */ = {isa = PBXFileReference; lastKnownFileType = sourcecode.swift; path = CustomTabView.swift; sourceTree = "<group>"; };
		2D3C9E4623AF58B700339F9D /* Fundito.app */ = {isa = PBXFileReference; explicitFileType = wrapper.application; includeInIndex = 0; path = Fundito.app; sourceTree = BUILT_PRODUCTS_DIR; };
		2D3C9E4923AF58B700339F9D /* AppDelegate.swift */ = {isa = PBXFileReference; lastKnownFileType = sourcecode.swift; path = AppDelegate.swift; sourceTree = "<group>"; };
		2D3C9E4D23AF58B700339F9D /* MainVC.swift */ = {isa = PBXFileReference; lastKnownFileType = sourcecode.swift; path = MainVC.swift; sourceTree = "<group>"; };
		2D3C9E5023AF58B700339F9D /* Base */ = {isa = PBXFileReference; lastKnownFileType = file.storyboard; name = Base; path = Base.lproj/MyFundingStatus.storyboard; sourceTree = "<group>"; };
		2D3C9E5223AF58B800339F9D /* Assets.xcassets */ = {isa = PBXFileReference; lastKnownFileType = folder.assetcatalog; path = Assets.xcassets; sourceTree = "<group>"; };
		2D3C9E5523AF58B800339F9D /* Base */ = {isa = PBXFileReference; lastKnownFileType = file.storyboard; name = Base; path = Base.lproj/LaunchScreen.storyboard; sourceTree = "<group>"; };
		2D3C9E6923AF5E0700339F9D /* AppModel.swift */ = {isa = PBXFileReference; lastKnownFileType = sourcecode.swift; path = AppModel.swift; sourceTree = "<group>"; };
		2D3C9E6C23AF5F3400339F9D /* NotiUtil.swift */ = {isa = PBXFileReference; lastKnownFileType = sourcecode.swift; path = NotiUtil.swift; sourceTree = "<group>"; };
		2D3C9E6F23AF640200339F9D /* JSONDecoder.swift */ = {isa = PBXFileReference; lastKnownFileType = sourcecode.swift; path = JSONDecoder.swift; sourceTree = "<group>"; };
		2D3C9E7123AF655800339F9D /* DateFormatter.swift */ = {isa = PBXFileReference; lastKnownFileType = sourcecode.swift; path = DateFormatter.swift; sourceTree = "<group>"; };
		2D3C9E7323AF663300339F9D /* NetworkService.swift */ = {isa = PBXFileReference; lastKnownFileType = sourcecode.swift; path = NetworkService.swift; sourceTree = "<group>"; };
		2D3C9E7523AF663900339F9D /* AppService.swift */ = {isa = PBXFileReference; lastKnownFileType = sourcecode.swift; path = AppService.swift; sourceTree = "<group>"; };
		2D3C9E7823AF670100339F9D /* Localizable.strings */ = {isa = PBXFileReference; lastKnownFileType = text.plist.strings; path = Localizable.strings; sourceTree = "<group>"; };
		2D3C9E7A23AF67A600339F9D /* Str.swift */ = {isa = PBXFileReference; fileEncoding = 4; lastKnownFileType = sourcecode.swift; path = Str.swift; sourceTree = "<group>"; };
		2D3C9E7C23AF67B500339F9D /* String.swift */ = {isa = PBXFileReference; lastKnownFileType = sourcecode.swift; path = String.swift; sourceTree = "<group>"; };
		2D3C9E7E23AF680600339F9D /* UIViewController.swift */ = {isa = PBXFileReference; lastKnownFileType = sourcecode.swift; path = UIViewController.swift; sourceTree = "<group>"; };
		2DA1B36B23B6218800A26447 /* ChargeVC.swift */ = {isa = PBXFileReference; lastKnownFileType = sourcecode.swift; path = ChargeVC.swift; sourceTree = "<group>"; };
		2DA1B36F23B621ED00A26447 /* LoginVC.swift */ = {isa = PBXFileReference; lastKnownFileType = sourcecode.swift; path = LoginVC.swift; sourceTree = "<group>"; };
		2DA1B37123B6220C00A26447 /* StoreRegisterVC.swift */ = {isa = PBXFileReference; lastKnownFileType = sourcecode.swift; path = StoreRegisterVC.swift; sourceTree = "<group>"; };
		2DA1B37323B6222B00A26447 /* StoreDetailVC.swift */ = {isa = PBXFileReference; lastKnownFileType = sourcecode.swift; path = StoreDetailVC.swift; sourceTree = "<group>"; };
		2DA1B37523B6224200A26447 /* StoreCheerVC.swift */ = {isa = PBXFileReference; fileEncoding = 4; lastKnownFileType = sourcecode.swift; path = StoreCheerVC.swift; sourceTree = "<group>"; };
		2DA1B37723B622A400A26447 /* SearchVC.swift */ = {isa = PBXFileReference; lastKnownFileType = sourcecode.swift; path = SearchVC.swift; sourceTree = "<group>"; };
		2DA1B37923B622CB00A26447 /* FundingVC.swift */ = {isa = PBXFileReference; lastKnownFileType = sourcecode.swift; path = FundingVC.swift; sourceTree = "<group>"; };
		2DA1B37B23B622DC00A26447 /* FundingInputVC.swift */ = {isa = PBXFileReference; fileEncoding = 4; lastKnownFileType = sourcecode.swift; path = FundingInputVC.swift; sourceTree = "<group>"; };
		2DA1B37D23B622EE00A26447 /* FundingProgressVC.swift */ = {isa = PBXFileReference; fileEncoding = 4; lastKnownFileType = sourcecode.swift; path = FundingProgressVC.swift; sourceTree = "<group>"; };
		2DA1B37F23B6230000A26447 /* FundingCompleteVC.swift */ = {isa = PBXFileReference; lastKnownFileType = sourcecode.swift; path = FundingCompleteVC.swift; sourceTree = "<group>"; };
		2DA1B38423B6234900A26447 /* MoreVC.swift */ = {isa = PBXFileReference; lastKnownFileType = sourcecode.swift; path = MoreVC.swift; sourceTree = "<group>"; };
		2DA1B38623B6234D00A26447 /* HomeVC.swift */ = {isa = PBXFileReference; lastKnownFileType = sourcecode.swift; path = HomeVC.swift; sourceTree = "<group>"; };
		2DA1B38823B6235900A26447 /* FeedFriendDetailVC.swift */ = {isa = PBXFileReference; lastKnownFileType = sourcecode.swift; path = FeedFriendDetailVC.swift; sourceTree = "<group>"; };
		2DA1B38A23B6236100A26447 /* FeedFriendListVC.swift */ = {isa = PBXFileReference; lastKnownFileType = sourcecode.swift; path = FeedFriendListVC.swift; sourceTree = "<group>"; };
		2DC29ED223B786CA00671303 /* View.swift */ = {isa = PBXFileReference; lastKnownFileType = sourcecode.swift; path = View.swift; sourceTree = "<group>"; };
		3335C07A23B4FFDD0065FE62 /* NSObject + reusableIdentifier.swift */ = {isa = PBXFileReference; lastKnownFileType = sourcecode.swift; path = "NSObject + reusableIdentifier.swift"; sourceTree = "<group>"; };
		3335C07C23B53AA20065FE62 /* TabCollectionViewCell.swift */ = {isa = PBXFileReference; lastKnownFileType = sourcecode.swift; path = TabCollectionViewCell.swift; sourceTree = "<group>"; };
		3335C07E23B5A9770065FE62 /* MyFundingStatusVC3.swift */ = {isa = PBXFileReference; fileEncoding = 4; lastKnownFileType = sourcecode.swift; path = MyFundingStatusVC3.swift; sourceTree = "<group>"; };
		333ACFC123BE465D00B8D54E /* Timeline.swift */ = {isa = PBXFileReference; lastKnownFileType = sourcecode.swift; path = Timeline.swift; sourceTree = "<group>"; };
		333ACFC323BE4C1300B8D54E /* storeCollectionViewCell.swift */ = {isa = PBXFileReference; lastKnownFileType = sourcecode.swift; path = storeCollectionViewCell.swift; sourceTree = "<group>"; };
		333ACFC523BE7A1300B8D54E /* MyFundingProgress.swift */ = {isa = PBXFileReference; lastKnownFileType = sourcecode.swift; path = MyFundingProgress.swift; sourceTree = "<group>"; };
		333ACFC723BE7CAE00B8D54E /* MyFundingDone.swift */ = {isa = PBXFileReference; lastKnownFileType = sourcecode.swift; path = MyFundingDone.swift; sourceTree = "<group>"; };
		333ACFC923BE7D6100B8D54E /* Tab2CollectionViewCell.swift */ = {isa = PBXFileReference; lastKnownFileType = sourcecode.swift; path = Tab2CollectionViewCell.swift; sourceTree = "<group>"; };
		33876D1223B7C20E0095B532 /* FirstPopUpView.swift */ = {isa = PBXFileReference; lastKnownFileType = sourcecode.swift; path = FirstPopUpView.swift; sourceTree = "<group>"; };
		33876D1423B895330095B532 /* SecondPopUpView.swift */ = {isa = PBXFileReference; lastKnownFileType = sourcecode.swift; path = SecondPopUpView.swift; sourceTree = "<group>"; };
		33876D1623B8CE800095B532 /* StorePopUpView.swift */ = {isa = PBXFileReference; lastKnownFileType = sourcecode.swift; path = StorePopUpView.swift; sourceTree = "<group>"; };
		33876D1823B8D21E0095B532 /* StorePopUpTableViewCell.swift */ = {isa = PBXFileReference; lastKnownFileType = sourcecode.swift; path = StorePopUpTableViewCell.swift; sourceTree = "<group>"; };
		33876D1A23B91BAE0095B532 /* FudingPVC.swift */ = {isa = PBXFileReference; lastKnownFileType = sourcecode.swift; path = FudingPVC.swift; sourceTree = "<group>"; };
		338EF0FE23BCBE15000CA6F1 /* TimelineCollectionViewCell.swift */ = {isa = PBXFileReference; lastKnownFileType = sourcecode.swift; path = TimelineCollectionViewCell.swift; sourceTree = "<group>"; };
		3397E13C23BAB1DA00D864F2 /* MainTabBarController.swift */ = {isa = PBXFileReference; lastKnownFileType = sourcecode.swift; path = MainTabBarController.swift; sourceTree = "<group>"; };
		3397E13E23BB62B300D864F2 /* FundingProgressPasswordVC.swift */ = {isa = PBXFileReference; lastKnownFileType = sourcecode.swift; path = FundingProgressPasswordVC.swift; sourceTree = "<group>"; };
		3397E14223BB678C00D864F2 /* PasswordTextField.swift */ = {isa = PBXFileReference; lastKnownFileType = sourcecode.swift; path = PasswordTextField.swift; sourceTree = "<group>"; };
		33D21CA623B625D000158454 /* Color.swift */ = {isa = PBXFileReference; fileEncoding = 4; lastKnownFileType = sourcecode.swift; path = Color.swift; sourceTree = "<group>"; };
		33D21CAB23B6260E00158454 /* Spoqa Han Sans Regular.ttf */ = {isa = PBXFileReference; lastKnownFileType = file; path = "Spoqa Han Sans Regular.ttf"; sourceTree = "<group>"; };
		33D21CAC23B6260E00158454 /* Spoqa Han Sans Bold.ttf */ = {isa = PBXFileReference; lastKnownFileType = file; path = "Spoqa Han Sans Bold.ttf"; sourceTree = "<group>"; };
		33D21CAD23B6260E00158454 /* Spoqa Han Sans Light.ttf */ = {isa = PBXFileReference; lastKnownFileType = file; path = "Spoqa Han Sans Light.ttf"; sourceTree = "<group>"; };
		33D21CAE23B6260E00158454 /* Spoqa Han Sans Thin.ttf */ = {isa = PBXFileReference; lastKnownFileType = file; path = "Spoqa Han Sans Thin.ttf"; sourceTree = "<group>"; };
		33D21CB323B62B3F00158454 /* Font.swift */ = {isa = PBXFileReference; fileEncoding = 4; lastKnownFileType = sourcecode.swift; path = Font.swift; sourceTree = "<group>"; };
		33D3C4C723B3EFEE00E8AA3F /* MyFundingStatusVC.swift */ = {isa = PBXFileReference; lastKnownFileType = sourcecode.swift; path = MyFundingStatusVC.swift; sourceTree = "<group>"; };
		33D3C4CB23B4179B00E8AA3F /* FirstPopUpTableViewCell.swift */ = {isa = PBXFileReference; lastKnownFileType = sourcecode.swift; path = FirstPopUpTableViewCell.swift; sourceTree = "<group>"; };
		33D3C4EF23B4E3F100E8AA3F /* CustomMenuBar.swift */ = {isa = PBXFileReference; lastKnownFileType = sourcecode.swift; path = CustomMenuBar.swift; sourceTree = "<group>"; };
		33D3C4F123B4E47200E8AA3F /* CustomMenuBarCell.swift */ = {isa = PBXFileReference; lastKnownFileType = sourcecode.swift; path = CustomMenuBarCell.swift; sourceTree = "<group>"; };
		33F540CB23BE85BF0061D463 /* More.storyboard */ = {isa = PBXFileReference; fileEncoding = 4; lastKnownFileType = file.storyboard; path = More.storyboard; sourceTree = "<group>"; };
		33F540CC23BE85BF0061D463 /* Home.storyboard */ = {isa = PBXFileReference; fileEncoding = 4; lastKnownFileType = file.storyboard; path = Home.storyboard; sourceTree = "<group>"; };
		33F540CD23BE85BF0061D463 /* Feed.storyboard */ = {isa = PBXFileReference; fileEncoding = 4; lastKnownFileType = file.storyboard; path = Feed.storyboard; sourceTree = "<group>"; };
		33F540D123BE85BF0061D463 /* Main.storyboard */ = {isa = PBXFileReference; fileEncoding = 4; lastKnownFileType = file.storyboard; path = Main.storyboard; sourceTree = "<group>"; };
		33F540D223BE85BF0061D463 /* Store.storyboard */ = {isa = PBXFileReference; fileEncoding = 4; lastKnownFileType = file.storyboard; path = Store.storyboard; sourceTree = "<group>"; };
		33F540D323BE85BF0061D463 /* Funding.storyboard */ = {isa = PBXFileReference; fileEncoding = 4; lastKnownFileType = file.storyboard; path = Funding.storyboard; sourceTree = "<group>"; };
		AF6B01B082E99B67F1F8EF7C /* Pods_Fundito.framework */ = {isa = PBXFileReference; explicitFileType = wrapper.framework; includeInIndex = 0; path = Pods_Fundito.framework; sourceTree = BUILT_PRODUCTS_DIR; };
		DB8BC83A124863AE2CEBDFE9 /* Pods-Fundito.debug.xcconfig */ = {isa = PBXFileReference; includeInIndex = 1; lastKnownFileType = text.xcconfig; name = "Pods-Fundito.debug.xcconfig"; path = "Target Support Files/Pods-Fundito/Pods-Fundito.debug.xcconfig"; sourceTree = "<group>"; };
		DD250BF35ACC6CC6F6851B03 /* Pods-Fundito.release.xcconfig */ = {isa = PBXFileReference; includeInIndex = 1; lastKnownFileType = text.xcconfig; name = "Pods-Fundito.release.xcconfig"; path = "Target Support Files/Pods-Fundito/Pods-Fundito.release.xcconfig"; sourceTree = "<group>"; };
/* End PBXFileReference section */

/* Begin PBXFrameworksBuildPhase section */
		2D3C9E4323AF58B700339F9D /* Frameworks */ = {
			isa = PBXFrameworksBuildPhase;
			buildActionMask = 2147483647;
			files = (
				34722BFC0C63ED6C46530684 /* Pods_Fundito.framework in Frameworks */,
			);
			runOnlyForDeploymentPostprocessing = 0;
		};
/* End PBXFrameworksBuildPhase section */

/* Begin PBXGroup section */
		1D4DB5C209B321FA6C057DD6 /* Frameworks */ = {
			isa = PBXGroup;
			children = (
				AF6B01B082E99B67F1F8EF7C /* Pods_Fundito.framework */,
			);
			name = Frameworks;
			sourceTree = "<group>";
		};
		2D250E5623BC21AC001A01E2 /* View */ = {
			isa = PBXGroup;
			children = (
				2D250E5723BC21AC001A01E2 /* InvestmentDialView.swift */,
				2D250E5923BC21C8001A01E2 /* FundingProgressView.swift */,
				2D250E5B23BC2807001A01E2 /* CustomTabView.swift */,
			);
			path = View;
			sourceTree = "<group>";
		};
		2D3C9E3D23AF58B700339F9D = {
			isa = PBXGroup;
			children = (
				2D3C9E4823AF58B700339F9D /* Fundito */,
				2D3C9E4723AF58B700339F9D /* Products */,
				E6311087AF94E6B19559DB57 /* Pods */,
				1D4DB5C209B321FA6C057DD6 /* Frameworks */,
			);
			sourceTree = "<group>";
		};
		2D3C9E4723AF58B700339F9D /* Products */ = {
			isa = PBXGroup;
			children = (
				2D3C9E4623AF58B700339F9D /* Fundito.app */,
			);
			name = Products;
			sourceTree = "<group>";
		};
		2D3C9E4823AF58B700339F9D /* Fundito */ = {
			isa = PBXGroup;
			children = (
				2D3C9E5D23AF5A3500339F9D /* Resources */,
				2D3C9E6E23AF5F3500339F9D /* EXKit */,
				2D3C9E6823AF5E0000339F9D /* Common */,
				2D3C9E5F23AF5A3900339F9D /* Application */,
				2D3C9E6023AF5A3C00339F9D /* ViewController */,
				2D3C9E5E23AF5A3800339F9D /* Data */,
				333ACFCB23BE844300B8D54E /* Storyboard */,
			);
			path = Fundito;
			sourceTree = "<group>";
		};
		2D3C9E5D23AF5A3500339F9D /* Resources */ = {
			isa = PBXGroup;
			children = (
				33D21CB323B62B3F00158454 /* Font.swift */,
				33D21CAA23B6260E00158454 /* Font */,
				33D21CA623B625D000158454 /* Color.swift */,
				2D3C9E7A23AF67A600339F9D /* Str.swift */,
				2D3C9E5223AF58B800339F9D /* Assets.xcassets */,
				2D3C9E7823AF670100339F9D /* Localizable.strings */,
			);
			path = Resources;
			sourceTree = "<group>";
		};
		2D3C9E5E23AF5A3800339F9D /* Data */ = {
			isa = PBXGroup;
			children = (
				2D3C9E6623AF5D4900339F9D /* Service */,
				2D3C9E6523AF5D4600339F9D /* Enumerator */,
				2D3C9E6423AF5D3F00339F9D /* Model */,
			);
			path = Data;
			sourceTree = "<group>";
		};
		2D3C9E5F23AF5A3900339F9D /* Application */ = {
			isa = PBXGroup;
			children = (
				2D3C9E4923AF58B700339F9D /* AppDelegate.swift */,
			);
			path = Application;
			sourceTree = "<group>";
		};
		2D3C9E6023AF5A3C00339F9D /* ViewController */ = {
			isa = PBXGroup;
			children = (
				2D3C9E6223AF5A5400339F9D /* Splash */,
				2DA1B36623B6216D00A26447 /* Login */,
				2DA1B36423B6216400A26447 /* Charge */,
				2DA1B36923B6217700A26447 /* StoreRegister */,
				2DA1B36823B6217200A26447 /* Store */,
				2DA1B36723B6217000A26447 /* Search */,
				2DA1B36523B6216A00A26447 /* Funding */,
				2D3C9E6123AF5A5100339F9D /* Main */,
			);
			path = ViewController;
			sourceTree = "<group>";
		};
		2D3C9E6123AF5A5100339F9D /* Main */ = {
			isa = PBXGroup;
			children = (
				2DA1B38223B6233A00A26447 /* Home */,
				2DA1B38123B6233600A26447 /* Feed */,
				33D3C4C623B3EF9600E8AA3F /* MyFundingStatus */,
				2DA1B38323B6233C00A26447 /* More */,
				2D3C9E4D23AF58B700339F9D /* MainVC.swift */,
				3397E13C23BAB1DA00D864F2 /* MainTabBarController.swift */,
			);
			path = Main;
			sourceTree = "<group>";
		};
		2D3C9E6223AF5A5400339F9D /* Splash */ = {
			isa = PBXGroup;
			children = (
				2D3C9E5423AF58B800339F9D /* LaunchScreen.storyboard */,
			);
			path = Splash;
			sourceTree = "<group>";
		};
		2D3C9E6423AF5D3F00339F9D /* Model */ = {
			isa = PBXGroup;
			children = (
				333ACFC123BE465D00B8D54E /* Timeline.swift */,
				333ACFC523BE7A1300B8D54E /* MyFundingProgress.swift */,
				333ACFC723BE7CAE00B8D54E /* MyFundingDone.swift */,
			);
			path = Model;
			sourceTree = "<group>";
		};
		2D3C9E6523AF5D4600339F9D /* Enumerator */ = {
			isa = PBXGroup;
			children = (
			);
			path = Enumerator;
			sourceTree = "<group>";
		};
		2D3C9E6623AF5D4900339F9D /* Service */ = {
			isa = PBXGroup;
			children = (
				2D3C9E7323AF663300339F9D /* NetworkService.swift */,
				2D3C9E7523AF663900339F9D /* AppService.swift */,
			);
			path = Service;
			sourceTree = "<group>";
		};
		2D3C9E6823AF5E0000339F9D /* Common */ = {
			isa = PBXGroup;
			children = (
				2D250E5623BC21AC001A01E2 /* View */,
				2D3C9E6923AF5E0700339F9D /* AppModel.swift */,
				2D3C9E6C23AF5F3400339F9D /* NotiUtil.swift */,
			);
			path = Common;
			sourceTree = "<group>";
		};
		2D3C9E6E23AF5F3500339F9D /* EXKit */ = {
			isa = PBXGroup;
			children = (
				2D3C9E6F23AF640200339F9D /* JSONDecoder.swift */,
				2D3C9E7123AF655800339F9D /* DateFormatter.swift */,
				2D3C9E7C23AF67B500339F9D /* String.swift */,
				2D3C9E7E23AF680600339F9D /* UIViewController.swift */,
				3335C07A23B4FFDD0065FE62 /* NSObject + reusableIdentifier.swift */,
				2DC29ED223B786CA00671303 /* View.swift */,
			);
			path = EXKit;
			sourceTree = "<group>";
		};
		2DA1B36423B6216400A26447 /* Charge */ = {
			isa = PBXGroup;
			children = (
				2DA1B36B23B6218800A26447 /* ChargeVC.swift */,
			);
			path = Charge;
			sourceTree = "<group>";
		};
		2DA1B36523B6216A00A26447 /* Funding */ = {
			isa = PBXGroup;
			children = (
				2DA1B37923B622CB00A26447 /* FundingVC.swift */,
				2DA1B37B23B622DC00A26447 /* FundingInputVC.swift */,
				2DA1B37D23B622EE00A26447 /* FundingProgressVC.swift */,
				3397E13E23BB62B300D864F2 /* FundingProgressPasswordVC.swift */,
				2DA1B37F23B6230000A26447 /* FundingCompleteVC.swift */,
				33876D1A23B91BAE0095B532 /* FudingPVC.swift */,
				3397E14223BB678C00D864F2 /* PasswordTextField.swift */,
			);
			path = Funding;
			sourceTree = "<group>";
		};
		2DA1B36623B6216D00A26447 /* Login */ = {
			isa = PBXGroup;
			children = (
				2DA1B36F23B621ED00A26447 /* LoginVC.swift */,
			);
			path = Login;
			sourceTree = "<group>";
		};
		2DA1B36723B6217000A26447 /* Search */ = {
			isa = PBXGroup;
			children = (
				2DA1B37723B622A400A26447 /* SearchVC.swift */,
			);
			path = Search;
			sourceTree = "<group>";
		};
		2DA1B36823B6217200A26447 /* Store */ = {
			isa = PBXGroup;
			children = (
				2DA1B37323B6222B00A26447 /* StoreDetailVC.swift */,
				2DA1B37523B6224200A26447 /* StoreCheerVC.swift */,
				333ACFC323BE4C1300B8D54E /* storeCollectionViewCell.swift */,
			);
			path = Store;
			sourceTree = "<group>";
		};
		2DA1B36923B6217700A26447 /* StoreRegister */ = {
			isa = PBXGroup;
			children = (
				2DA1B37123B6220C00A26447 /* StoreRegisterVC.swift */,
			);
			path = StoreRegister;
			sourceTree = "<group>";
		};
		2DA1B38123B6233600A26447 /* Feed */ = {
			isa = PBXGroup;
			children = (
				2DA1B38823B6235900A26447 /* FeedFriendDetailVC.swift */,
				2DA1B38A23B6236100A26447 /* FeedFriendListVC.swift */,
			);
			path = Feed;
			sourceTree = "<group>";
		};
		2DA1B38223B6233A00A26447 /* Home */ = {
			isa = PBXGroup;
			children = (
				2DA1B38623B6234D00A26447 /* HomeVC.swift */,
				338EF0FE23BCBE15000CA6F1 /* TimelineCollectionViewCell.swift */,
			);
			path = Home;
			sourceTree = "<group>";
		};
		2DA1B38323B6233C00A26447 /* More */ = {
			isa = PBXGroup;
			children = (
				2DA1B38423B6234900A26447 /* MoreVC.swift */,
			);
			path = More;
			sourceTree = "<group>";
		};
		333ACFCB23BE844300B8D54E /* Storyboard */ = {
			isa = PBXGroup;
			children = (
				2D3C9E4F23AF58B700339F9D /* MyFundingStatus.storyboard */,
				33F540CD23BE85BF0061D463 /* Feed.storyboard */,
				33F540D323BE85BF0061D463 /* Funding.storyboard */,
				33F540CC23BE85BF0061D463 /* Home.storyboard */,
				33F540D123BE85BF0061D463 /* Main.storyboard */,
				33F540CB23BE85BF0061D463 /* More.storyboard */,
				33F540D223BE85BF0061D463 /* Store.storyboard */,
			);
			path = Storyboard;
			sourceTree = "<group>";
		};
		33D21CAA23B6260E00158454 /* Font */ = {
			isa = PBXGroup;
			children = (
				33D21CAB23B6260E00158454 /* Spoqa Han Sans Regular.ttf */,
				33D21CAC23B6260E00158454 /* Spoqa Han Sans Bold.ttf */,
				33D21CAD23B6260E00158454 /* Spoqa Han Sans Light.ttf */,
				33D21CAE23B6260E00158454 /* Spoqa Han Sans Thin.ttf */,
			);
			path = Font;
			sourceTree = "<group>";
		};
		33D3C4C623B3EF9600E8AA3F /* MyFundingStatus */ = {
			isa = PBXGroup;
			children = (
				33D3C4C723B3EFEE00E8AA3F /* MyFundingStatusVC.swift */,
				33876D1223B7C20E0095B532 /* FirstPopUpView.swift */,
				33D3C4CB23B4179B00E8AA3F /* FirstPopUpTableViewCell.swift */,
				33876D1423B895330095B532 /* SecondPopUpView.swift */,
				3335C07C23B53AA20065FE62 /* TabCollectionViewCell.swift */,
				333ACFC923BE7D6100B8D54E /* Tab2CollectionViewCell.swift */,
				33876D1623B8CE800095B532 /* StorePopUpView.swift */,
				33876D1823B8D21E0095B532 /* StorePopUpTableViewCell.swift */,
				3335C07E23B5A9770065FE62 /* MyFundingStatusVC3.swift */,
				33D3C4EF23B4E3F100E8AA3F /* CustomMenuBar.swift */,
				33D3C4F123B4E47200E8AA3F /* CustomMenuBarCell.swift */,
			);
			path = MyFundingStatus;
			sourceTree = "<group>";
		};
		E6311087AF94E6B19559DB57 /* Pods */ = {
			isa = PBXGroup;
			children = (
				DB8BC83A124863AE2CEBDFE9 /* Pods-Fundito.debug.xcconfig */,
				DD250BF35ACC6CC6F6851B03 /* Pods-Fundito.release.xcconfig */,
			);
			path = Pods;
			sourceTree = "<group>";
		};
/* End PBXGroup section */

/* Begin PBXNativeTarget section */
		2D3C9E4523AF58B700339F9D /* Fundito */ = {
			isa = PBXNativeTarget;
			buildConfigurationList = 2D3C9E5A23AF58B800339F9D /* Build configuration list for PBXNativeTarget "Fundito" */;
			buildPhases = (
				1F278BFF1930FEAC5A872716 /* [CP] Check Pods Manifest.lock */,
				2D3C9E4223AF58B700339F9D /* Sources */,
				2D3C9E4323AF58B700339F9D /* Frameworks */,
				2D3C9E4423AF58B700339F9D /* Resources */,
				8AE1FC355977683A8CCE4FFD /* [CP] Embed Pods Frameworks */,
				2D3C9E7723AF66E400339F9D /* ShellScript */,
			);
			buildRules = (
			);
			dependencies = (
			);
			name = Fundito;
			productName = Fundito;
			productReference = 2D3C9E4623AF58B700339F9D /* Fundito.app */;
			productType = "com.apple.product-type.application";
		};
/* End PBXNativeTarget section */

/* Begin PBXProject section */
		2D3C9E3E23AF58B700339F9D /* Project object */ = {
			isa = PBXProject;
			attributes = {
				LastSwiftUpdateCheck = 1130;
				LastUpgradeCheck = 1130;
				ORGANIZATIONNAME = Fundito;
				TargetAttributes = {
					2D3C9E4523AF58B700339F9D = {
						CreatedOnToolsVersion = 11.3;
					};
				};
			};
			buildConfigurationList = 2D3C9E4123AF58B700339F9D /* Build configuration list for PBXProject "Fundito" */;
			compatibilityVersion = "Xcode 9.3";
			developmentRegion = en;
			hasScannedForEncodings = 0;
			knownRegions = (
				en,
				Base,
			);
			mainGroup = 2D3C9E3D23AF58B700339F9D;
			productRefGroup = 2D3C9E4723AF58B700339F9D /* Products */;
			projectDirPath = "";
			projectRoot = "";
			targets = (
				2D3C9E4523AF58B700339F9D /* Fundito */,
			);
		};
/* End PBXProject section */

/* Begin PBXResourcesBuildPhase section */
		2D3C9E4423AF58B700339F9D /* Resources */ = {
			isa = PBXResourcesBuildPhase;
			buildActionMask = 2147483647;
			files = (
				2D3C9E5623AF58B800339F9D /* LaunchScreen.storyboard in Resources */,
				33F540D423BE85BF0061D463 /* More.storyboard in Resources */,
				33D21CB223B6260E00158454 /* Spoqa Han Sans Thin.ttf in Resources */,
				33D21CAF23B6260E00158454 /* Spoqa Han Sans Regular.ttf in Resources */,
				2D3C9E7923AF670100339F9D /* Localizable.strings in Resources */,
				33D21CB123B6260E00158454 /* Spoqa Han Sans Light.ttf in Resources */,
				2D3C9E5323AF58B800339F9D /* Assets.xcassets in Resources */,
				2D3C9E5123AF58B700339F9D /* MyFundingStatus.storyboard in Resources */,
				33F540D923BE85BF0061D463 /* Store.storyboard in Resources */,
				33F540DA23BE85BF0061D463 /* Funding.storyboard in Resources */,
				33F540D623BE85BF0061D463 /* Feed.storyboard in Resources */,
				33D21CB023B6260E00158454 /* Spoqa Han Sans Bold.ttf in Resources */,
				33F540D823BE85BF0061D463 /* Main.storyboard in Resources */,
				33F540D523BE85BF0061D463 /* Home.storyboard in Resources */,
			);
			runOnlyForDeploymentPostprocessing = 0;
		};
/* End PBXResourcesBuildPhase section */

/* Begin PBXShellScriptBuildPhase section */
		1F278BFF1930FEAC5A872716 /* [CP] Check Pods Manifest.lock */ = {
			isa = PBXShellScriptBuildPhase;
			buildActionMask = 2147483647;
			files = (
			);
			inputFileListPaths = (
			);
			inputPaths = (
				"${PODS_PODFILE_DIR_PATH}/Podfile.lock",
				"${PODS_ROOT}/Manifest.lock",
			);
			name = "[CP] Check Pods Manifest.lock";
			outputFileListPaths = (
			);
			outputPaths = (
				"$(DERIVED_FILE_DIR)/Pods-Fundito-checkManifestLockResult.txt",
			);
			runOnlyForDeploymentPostprocessing = 0;
			shellPath = /bin/sh;
			shellScript = "diff \"${PODS_PODFILE_DIR_PATH}/Podfile.lock\" \"${PODS_ROOT}/Manifest.lock\" > /dev/null\nif [ $? != 0 ] ; then\n    # print error to STDERR\n    echo \"error: The sandbox is not in sync with the Podfile.lock. Run 'pod install' or update your CocoaPods installation.\" >&2\n    exit 1\nfi\n# This output is used by Xcode 'outputs' to avoid re-running this script phase.\necho \"SUCCESS\" > \"${SCRIPT_OUTPUT_FILE_0}\"\n";
			showEnvVarsInLog = 0;
		};
		2D3C9E7723AF66E400339F9D /* ShellScript */ = {
			isa = PBXShellScriptBuildPhase;
			buildActionMask = 2147483647;
			files = (
			);
			inputFileListPaths = (
			);
			inputPaths = (
			);
			outputFileListPaths = (
			);
			outputPaths = (
			);
			runOnlyForDeploymentPostprocessing = 0;
			shellPath = /bin/sh;
			shellScript = "echo \"generating Str.swift\"\n\ntouch tempStr.swift\necho \"struct Str {\" >> tempStr.swift\n\ninputfile=${SRCROOT}/Fundito/Resources/Localizable.strings\nwhile IFS= read -r line\n\ndo\necho $line\npattern='^[a-zA-Z]+(.*)[\\\\s]*=[\\\\s]*(.*);$'\n\nif [[ $line =~ $pattern ]]\nthen\necho \"Yes👌\"\nvariableName=$(echo ${line%%=*})\necho $variableName\nif [ \"$variableName\" != \"\" ]; then\necho \"    static let $variableName = \\\"$variableName\\\".localized\" >> tempStr.swift\nfi\nelse\necho \"No👎\"\nfi\ndone <\"$inputfile\"\n\necho \"}\" >> tempStr.swift\ncat tempStr.swift > ${SRCROOT}/Fundito/Resources/Str.swift\nrm tempStr.swift\n\necho \"-------------\"\ncat $inputfile\ncat ${SRCROOT}/Fundito/Resources/Str.swift\necho \"-------------\"\n";
		};
		8AE1FC355977683A8CCE4FFD /* [CP] Embed Pods Frameworks */ = {
			isa = PBXShellScriptBuildPhase;
			buildActionMask = 2147483647;
			files = (
			);
			inputFileListPaths = (
				"${PODS_ROOT}/Target Support Files/Pods-Fundito/Pods-Fundito-frameworks-${CONFIGURATION}-input-files.xcfilelist",
			);
			name = "[CP] Embed Pods Frameworks";
			outputFileListPaths = (
				"${PODS_ROOT}/Target Support Files/Pods-Fundito/Pods-Fundito-frameworks-${CONFIGURATION}-output-files.xcfilelist",
			);
			runOnlyForDeploymentPostprocessing = 0;
			shellPath = /bin/sh;
			shellScript = "\"${PODS_ROOT}/Target Support Files/Pods-Fundito/Pods-Fundito-frameworks.sh\"\n";
			showEnvVarsInLog = 0;
		};
/* End PBXShellScriptBuildPhase section */

/* Begin PBXSourcesBuildPhase section */
		2D3C9E4223AF58B700339F9D /* Sources */ = {
			isa = PBXSourcesBuildPhase;
			buildActionMask = 2147483647;
			files = (
				2DA1B37023B621ED00A26447 /* LoginVC.swift in Sources */,
				2D3C9E7223AF655800339F9D /* DateFormatter.swift in Sources */,
				333ACFC823BE7CAE00B8D54E /* MyFundingDone.swift in Sources */,
				2DA1B37623B6224200A26447 /* StoreCheerVC.swift in Sources */,
				2D3C9E4E23AF58B700339F9D /* MainVC.swift in Sources */,
				33D3C4F023B4E3F100E8AA3F /* CustomMenuBar.swift in Sources */,
				2D3C9E7D23AF67B500339F9D /* String.swift in Sources */,
				33876D1B23B91BAE0095B532 /* FudingPVC.swift in Sources */,
				2DA1B37423B6222B00A26447 /* StoreDetailVC.swift in Sources */,
				2D3C9E7F23AF680600339F9D /* UIViewController.swift in Sources */,
				338EF0FF23BCBE15000CA6F1 /* TimelineCollectionViewCell.swift in Sources */,
				2DA1B38723B6234D00A26447 /* HomeVC.swift in Sources */,
				2DA1B38523B6234900A26447 /* MoreVC.swift in Sources */,
				333ACFC623BE7A1300B8D54E /* MyFundingProgress.swift in Sources */,
				2D3C9E6D23AF5F3400339F9D /* NotiUtil.swift in Sources */,
				2DC29ED323B786CA00671303 /* View.swift in Sources */,
				2DA1B37823B622A400A26447 /* SearchVC.swift in Sources */,
				2DA1B37C23B622DC00A26447 /* FundingInputVC.swift in Sources */,
				333ACFC223BE465D00B8D54E /* Timeline.swift in Sources */,
				2D3C9E6A23AF5E0700339F9D /* AppModel.swift in Sources */,
				33D3C4CC23B4179B00E8AA3F /* FirstPopUpTableViewCell.swift in Sources */,
				33876D1923B8D21E0095B532 /* StorePopUpTableViewCell.swift in Sources */,
				3397E14323BB678C00D864F2 /* PasswordTextField.swift in Sources */,
				33D21CA923B625D000158454 /* Color.swift in Sources */,
				3335C07D23B53AA20065FE62 /* TabCollectionViewCell.swift in Sources */,
				2D3C9E4A23AF58B700339F9D /* AppDelegate.swift in Sources */,
				3335C07F23B5A9770065FE62 /* MyFundingStatusVC3.swift in Sources */,
				33876D1323B7C20E0095B532 /* FirstPopUpView.swift in Sources */,
				33876D1723B8CE800095B532 /* StorePopUpView.swift in Sources */,
				2D3C9E7623AF663900339F9D /* AppService.swift in Sources */,
				33D3C4C823B3EFEE00E8AA3F /* MyFundingStatusVC.swift in Sources */,
				2DA1B38023B6230000A26447 /* FundingCompleteVC.swift in Sources */,
				2D3C9E7023AF640200339F9D /* JSONDecoder.swift in Sources */,
				2D3C9E7423AF663300339F9D /* NetworkService.swift in Sources */,
				2DA1B37223B6220C00A26447 /* StoreRegisterVC.swift in Sources */,
				333ACFCA23BE7D6100B8D54E /* Tab2CollectionViewCell.swift in Sources */,
				2DA1B36C23B6218800A26447 /* ChargeVC.swift in Sources */,
				3397E13D23BAB1DA00D864F2 /* MainTabBarController.swift in Sources */,
				33876D1523B895330095B532 /* SecondPopUpView.swift in Sources */,
				2DA1B38B23B6236100A26447 /* FeedFriendListVC.swift in Sources */,
				2D250E5C23BC2807001A01E2 /* CustomTabView.swift in Sources */,
				3397E13F23BB62B300D864F2 /* FundingProgressPasswordVC.swift in Sources */,
				3335C07B23B4FFDD0065FE62 /* NSObject + reusableIdentifier.swift in Sources */,
				2D250E5823BC21AC001A01E2 /* InvestmentDialView.swift in Sources */,
				2D250E5A23BC21C8001A01E2 /* FundingProgressView.swift in Sources */,
				2DA1B38923B6235900A26447 /* FeedFriendDetailVC.swift in Sources */,
				333ACFC423BE4C1300B8D54E /* storeCollectionViewCell.swift in Sources */,
				2DA1B37A23B622CB00A26447 /* FundingVC.swift in Sources */,
				33D21CB423B62B3F00158454 /* Font.swift in Sources */,
				2DA1B37E23B622EE00A26447 /* FundingProgressVC.swift in Sources */,
				33D3C4F223B4E47200E8AA3F /* CustomMenuBarCell.swift in Sources */,
				2D3C9E7B23AF67A600339F9D /* Str.swift in Sources */,
			);
			runOnlyForDeploymentPostprocessing = 0;
		};
/* End PBXSourcesBuildPhase section */

/* Begin PBXVariantGroup section */
		2D3C9E4F23AF58B700339F9D /* MyFundingStatus.storyboard */ = {
			isa = PBXVariantGroup;
			children = (
				2D3C9E5023AF58B700339F9D /* Base */,
			);
			name = MyFundingStatus.storyboard;
			sourceTree = "<group>";
		};
		2D3C9E5423AF58B800339F9D /* LaunchScreen.storyboard */ = {
			isa = PBXVariantGroup;
			children = (
				2D3C9E5523AF58B800339F9D /* Base */,
			);
			name = LaunchScreen.storyboard;
			sourceTree = "<group>";
		};
/* End PBXVariantGroup section */

/* Begin XCBuildConfiguration section */
		2D3C9E5823AF58B800339F9D /* Debug */ = {
			isa = XCBuildConfiguration;
			buildSettings = {
				ALWAYS_SEARCH_USER_PATHS = NO;
				CLANG_ANALYZER_NONNULL = YES;
				CLANG_ANALYZER_NUMBER_OBJECT_CONVERSION = YES_AGGRESSIVE;
				CLANG_CXX_LANGUAGE_STANDARD = "gnu++14";
				CLANG_CXX_LIBRARY = "libc++";
				CLANG_ENABLE_MODULES = YES;
				CLANG_ENABLE_OBJC_ARC = YES;
				CLANG_ENABLE_OBJC_WEAK = YES;
				CLANG_WARN_BLOCK_CAPTURE_AUTORELEASING = YES;
				CLANG_WARN_BOOL_CONVERSION = YES;
				CLANG_WARN_COMMA = YES;
				CLANG_WARN_CONSTANT_CONVERSION = YES;
				CLANG_WARN_DEPRECATED_OBJC_IMPLEMENTATIONS = YES;
				CLANG_WARN_DIRECT_OBJC_ISA_USAGE = YES_ERROR;
				CLANG_WARN_DOCUMENTATION_COMMENTS = YES;
				CLANG_WARN_EMPTY_BODY = YES;
				CLANG_WARN_ENUM_CONVERSION = YES;
				CLANG_WARN_INFINITE_RECURSION = YES;
				CLANG_WARN_INT_CONVERSION = YES;
				CLANG_WARN_NON_LITERAL_NULL_CONVERSION = YES;
				CLANG_WARN_OBJC_IMPLICIT_RETAIN_SELF = YES;
				CLANG_WARN_OBJC_LITERAL_CONVERSION = YES;
				CLANG_WARN_OBJC_ROOT_CLASS = YES_ERROR;
				CLANG_WARN_RANGE_LOOP_ANALYSIS = YES;
				CLANG_WARN_STRICT_PROTOTYPES = YES;
				CLANG_WARN_SUSPICIOUS_MOVE = YES;
				CLANG_WARN_UNGUARDED_AVAILABILITY = YES_AGGRESSIVE;
				CLANG_WARN_UNREACHABLE_CODE = YES;
				CLANG_WARN__DUPLICATE_METHOD_MATCH = YES;
				COPY_PHASE_STRIP = NO;
				DEBUG_INFORMATION_FORMAT = dwarf;
				ENABLE_STRICT_OBJC_MSGSEND = YES;
				ENABLE_TESTABILITY = YES;
				GCC_C_LANGUAGE_STANDARD = gnu11;
				GCC_DYNAMIC_NO_PIC = NO;
				GCC_NO_COMMON_BLOCKS = YES;
				GCC_OPTIMIZATION_LEVEL = 0;
				GCC_PREPROCESSOR_DEFINITIONS = (
					"DEBUG=1",
					"$(inherited)",
				);
				GCC_WARN_64_TO_32_BIT_CONVERSION = YES;
				GCC_WARN_ABOUT_RETURN_TYPE = YES_ERROR;
				GCC_WARN_UNDECLARED_SELECTOR = YES;
				GCC_WARN_UNINITIALIZED_AUTOS = YES_AGGRESSIVE;
				GCC_WARN_UNUSED_FUNCTION = YES;
				GCC_WARN_UNUSED_VARIABLE = YES;
				IPHONEOS_DEPLOYMENT_TARGET = 13.2;
				MTL_ENABLE_DEBUG_INFO = INCLUDE_SOURCE;
				MTL_FAST_MATH = YES;
				ONLY_ACTIVE_ARCH = YES;
				SDKROOT = iphoneos;
				SWIFT_ACTIVE_COMPILATION_CONDITIONS = DEBUG;
				SWIFT_OPTIMIZATION_LEVEL = "-Onone";
			};
			name = Debug;
		};
		2D3C9E5923AF58B800339F9D /* Release */ = {
			isa = XCBuildConfiguration;
			buildSettings = {
				ALWAYS_SEARCH_USER_PATHS = NO;
				CLANG_ANALYZER_NONNULL = YES;
				CLANG_ANALYZER_NUMBER_OBJECT_CONVERSION = YES_AGGRESSIVE;
				CLANG_CXX_LANGUAGE_STANDARD = "gnu++14";
				CLANG_CXX_LIBRARY = "libc++";
				CLANG_ENABLE_MODULES = YES;
				CLANG_ENABLE_OBJC_ARC = YES;
				CLANG_ENABLE_OBJC_WEAK = YES;
				CLANG_WARN_BLOCK_CAPTURE_AUTORELEASING = YES;
				CLANG_WARN_BOOL_CONVERSION = YES;
				CLANG_WARN_COMMA = YES;
				CLANG_WARN_CONSTANT_CONVERSION = YES;
				CLANG_WARN_DEPRECATED_OBJC_IMPLEMENTATIONS = YES;
				CLANG_WARN_DIRECT_OBJC_ISA_USAGE = YES_ERROR;
				CLANG_WARN_DOCUMENTATION_COMMENTS = YES;
				CLANG_WARN_EMPTY_BODY = YES;
				CLANG_WARN_ENUM_CONVERSION = YES;
				CLANG_WARN_INFINITE_RECURSION = YES;
				CLANG_WARN_INT_CONVERSION = YES;
				CLANG_WARN_NON_LITERAL_NULL_CONVERSION = YES;
				CLANG_WARN_OBJC_IMPLICIT_RETAIN_SELF = YES;
				CLANG_WARN_OBJC_LITERAL_CONVERSION = YES;
				CLANG_WARN_OBJC_ROOT_CLASS = YES_ERROR;
				CLANG_WARN_RANGE_LOOP_ANALYSIS = YES;
				CLANG_WARN_STRICT_PROTOTYPES = YES;
				CLANG_WARN_SUSPICIOUS_MOVE = YES;
				CLANG_WARN_UNGUARDED_AVAILABILITY = YES_AGGRESSIVE;
				CLANG_WARN_UNREACHABLE_CODE = YES;
				CLANG_WARN__DUPLICATE_METHOD_MATCH = YES;
				COPY_PHASE_STRIP = NO;
				DEBUG_INFORMATION_FORMAT = "dwarf-with-dsym";
				ENABLE_NS_ASSERTIONS = NO;
				ENABLE_STRICT_OBJC_MSGSEND = YES;
				GCC_C_LANGUAGE_STANDARD = gnu11;
				GCC_NO_COMMON_BLOCKS = YES;
				GCC_WARN_64_TO_32_BIT_CONVERSION = YES;
				GCC_WARN_ABOUT_RETURN_TYPE = YES_ERROR;
				GCC_WARN_UNDECLARED_SELECTOR = YES;
				GCC_WARN_UNINITIALIZED_AUTOS = YES_AGGRESSIVE;
				GCC_WARN_UNUSED_FUNCTION = YES;
				GCC_WARN_UNUSED_VARIABLE = YES;
				IPHONEOS_DEPLOYMENT_TARGET = 13.2;
				MTL_ENABLE_DEBUG_INFO = NO;
				MTL_FAST_MATH = YES;
				SDKROOT = iphoneos;
				SWIFT_COMPILATION_MODE = wholemodule;
				SWIFT_OPTIMIZATION_LEVEL = "-O";
				VALIDATE_PRODUCT = YES;
			};
			name = Release;
		};
		2D3C9E5B23AF58B800339F9D /* Debug */ = {
			isa = XCBuildConfiguration;
			baseConfigurationReference = DB8BC83A124863AE2CEBDFE9 /* Pods-Fundito.debug.xcconfig */;
			buildSettings = {
				ASSETCATALOG_COMPILER_APPICON_NAME = AppIcon;
				CODE_SIGN_STYLE = Automatic;
				DEVELOPMENT_TEAM = ZG9NK3M8S6;
				INFOPLIST_FILE = Fundito/Info.plist;
				IPHONEOS_DEPLOYMENT_TARGET = 12.0;
				LD_RUNPATH_SEARCH_PATHS = (
					"$(inherited)",
					"@executable_path/Frameworks",
				);
				OTHER_LDFLAGS = (
					"$(inherited)",
					"-l\"z\"",
					"-framework",
					"\"Accelerate\"",
					"-framework",
					"\"Alamofire\"",
					"-framework",
					"\"AlamofireNetworkActivityLogger\"",
					"-framework",
					"\"CFNetwork\"",
					"-framework",
					"\"CoreGraphics\"",
					"-framework",
					"\"CoreMedia\"",
					"-framework",
					"\"DZNEmptyDataSet\"",
					"-framework",
					"\"FBSDKCoreKit\"",
					"-framework",
					"\"FBSDKLoginKit\"",
					"-framework",
					"\"Foundation\"",
					"-framework",
					"\"Hero\"",
					"-framework",
					"\"JGProgressHUD\"",
					"-framework",
					"\"Kingfisher\"",
					"-framework",
					"\"M13Checkbox\"",
					"-framework",
					"\"MDFInternationalization\"",
					"-framework",
					"\"MDFTextAccessibility\"",
					"-framework",
					"\"MaterialComponents\"",
					"-framework",
					"\"PromiseKit\"",
					"-framework",
					"\"QuartzCore\"",
					"-framework",
					"\"UIKit\"",
					"-framework",
					"\"UITextView_Placeholder\"",
					"-framework",
					"\"WebKit\"",
					"-weak_framework",
					"\"Accelerate\"",
					"-weak_framework",
					"\"Accounts\"",
					"-weak_framework",
					"\"AudioToolbox\"",
					"-weak_framework",
					"\"CoreGraphics\"",
					"-weak_framework",
					"\"CoreLocation\"",
					"-weak_framework",
					"\"Foundation\"",
					"-weak_framework",
					"\"QuartzCore\"",
					"-weak_framework",
					"\"Security\"",
					"-weak_framework",
					"\"Social\"",
					"-weak_framework",
					"\"UIKit\"",
					"-ObjC",
				);
				PRODUCT_BUNDLE_IDENTIFIER = com.fundito.Fundito;
				PRODUCT_NAME = "$(TARGET_NAME)";
				SWIFT_VERSION = 5.0;
				TARGETED_DEVICE_FAMILY = 1;
			};
			name = Debug;
		};
		2D3C9E5C23AF58B800339F9D /* Release */ = {
			isa = XCBuildConfiguration;
			baseConfigurationReference = DD250BF35ACC6CC6F6851B03 /* Pods-Fundito.release.xcconfig */;
			buildSettings = {
				ASSETCATALOG_COMPILER_APPICON_NAME = AppIcon;
				CODE_SIGN_STYLE = Automatic;
				DEVELOPMENT_TEAM = ZG9NK3M8S6;
				INFOPLIST_FILE = Fundito/Info.plist;
				IPHONEOS_DEPLOYMENT_TARGET = 12.0;
				LD_RUNPATH_SEARCH_PATHS = (
					"$(inherited)",
					"@executable_path/Frameworks",
				);
				OTHER_LDFLAGS = (
					"$(inherited)",
					"-l\"z\"",
					"-framework",
					"\"Accelerate\"",
					"-framework",
					"\"Alamofire\"",
					"-framework",
					"\"AlamofireNetworkActivityLogger\"",
					"-framework",
					"\"CFNetwork\"",
					"-framework",
					"\"CoreGraphics\"",
					"-framework",
					"\"CoreMedia\"",
					"-framework",
					"\"DZNEmptyDataSet\"",
					"-framework",
					"\"FBSDKCoreKit\"",
					"-framework",
					"\"FBSDKLoginKit\"",
					"-framework",
					"\"Foundation\"",
					"-framework",
					"\"Hero\"",
					"-framework",
					"\"JGProgressHUD\"",
					"-framework",
					"\"Kingfisher\"",
					"-framework",
					"\"M13Checkbox\"",
					"-framework",
					"\"MDFInternationalization\"",
					"-framework",
					"\"MDFTextAccessibility\"",
					"-framework",
					"\"MaterialComponents\"",
					"-framework",
					"\"PromiseKit\"",
					"-framework",
					"\"QuartzCore\"",
					"-framework",
					"\"UIKit\"",
					"-framework",
					"\"UITextView_Placeholder\"",
					"-framework",
					"\"WebKit\"",
					"-weak_framework",
					"\"Accelerate\"",
					"-weak_framework",
					"\"Accounts\"",
					"-weak_framework",
					"\"AudioToolbox\"",
					"-weak_framework",
					"\"CoreGraphics\"",
					"-weak_framework",
					"\"CoreLocation\"",
					"-weak_framework",
					"\"Foundation\"",
					"-weak_framework",
					"\"QuartzCore\"",
					"-weak_framework",
					"\"Security\"",
					"-weak_framework",
					"\"Social\"",
					"-weak_framework",
					"\"UIKit\"",
					"-ObjC",
				);
				PRODUCT_BUNDLE_IDENTIFIER = com.fundito.Fundito;
				PRODUCT_NAME = "$(TARGET_NAME)";
				SWIFT_VERSION = 5.0;
				TARGETED_DEVICE_FAMILY = 1;
			};
			name = Release;
		};
/* End XCBuildConfiguration section */

/* Begin XCConfigurationList section */
		2D3C9E4123AF58B700339F9D /* Build configuration list for PBXProject "Fundito" */ = {
			isa = XCConfigurationList;
			buildConfigurations = (
				2D3C9E5823AF58B800339F9D /* Debug */,
				2D3C9E5923AF58B800339F9D /* Release */,
			);
			defaultConfigurationIsVisible = 0;
			defaultConfigurationName = Release;
		};
		2D3C9E5A23AF58B800339F9D /* Build configuration list for PBXNativeTarget "Fundito" */ = {
			isa = XCConfigurationList;
			buildConfigurations = (
				2D3C9E5B23AF58B800339F9D /* Debug */,
				2D3C9E5C23AF58B800339F9D /* Release */,
			);
			defaultConfigurationIsVisible = 0;
			defaultConfigurationName = Release;
		};
/* End XCConfigurationList section */
	};
	rootObject = 2D3C9E3E23AF58B700339F9D /* Project object */;
}
